
Microsoft Visual Studio Solution File, Format Version 12.00
# Visual Studio Version 17
VisualStudioVersion = 17.0.32112.339
MinimumVisualStudioVersion = 10.0.40219.1
Project("{2150E333-8FDC-42A3-9474-1A3956D46DE8}") = "src", "src", "{958591BB-32C1-48C4-B5FA-11A2C5686814}"
EndProject
Project("{2150E333-8FDC-42A3-9474-1A3956D46DE8}") = "samples", "samples", "{62592C78-61AA-44B4-A7C3-EAC678A568A2}"
EndProject
Project("{2150E333-8FDC-42A3-9474-1A3956D46DE8}") = "Wpf", "Wpf", "{0A8EF671-0277-4F7A-B03D-C6E227020E86}"
EndProject
Project("{9A19103F-16F7-4668-BE54-9A1E7A4F7556}") = "Demo.ActivateNonModalDialog", "samples\Wpf\Demo.ActivateNonModalDialog\Demo.ActivateNonModalDialog.csproj", "{ED5001B1-A78B-4881-9BD8-CB56DD930585}"
EndProject
Project("{9A19103F-16F7-4668-BE54-9A1E7A4F7556}") = "Demo.MessageBox", "samples\Wpf\Demo.MessageBox\Demo.MessageBox.csproj", "{A6ABFE78-566C-4534-947E-BEFB86BDA347}"
EndProject
Project("{9A19103F-16F7-4668-BE54-9A1E7A4F7556}") = "Demo.ModalCustomDialog", "samples\Wpf\Demo.ModalCustomDialog\Demo.ModalCustomDialog.csproj", "{AD1F57E0-055A-4838-91AD-B824BF17E481}"
EndProject
Project("{9A19103F-16F7-4668-BE54-9A1E7A4F7556}") = "Demo.ModalDialog", "samples\Wpf\Demo.ModalDialog\Demo.ModalDialog.csproj", "{F2CAA958-5A0E-4BB3-B624-B8360C5F2978}"
EndProject
Project("{9A19103F-16F7-4668-BE54-9A1E7A4F7556}") = "Demo.NonModalCustomDialog", "samples\Wpf\Demo.NonModalCustomDialog\Demo.NonModalCustomDialog.csproj", "{DD760082-E0FA-433F-A1D0-D05F5D91FFA9}"
EndProject
Project("{9A19103F-16F7-4668-BE54-9A1E7A4F7556}") = "Demo.NonModalDialog", "samples\Wpf\Demo.NonModalDialog\Demo.NonModalDialog.csproj", "{74041466-C4C6-4396-8B57-D176CF5C0FD9}"
EndProject
Project("{9A19103F-16F7-4668-BE54-9A1E7A4F7556}") = "Demo.OpenFileDialog", "samples\Wpf\Demo.OpenFileDialog\Demo.OpenFileDialog.csproj", "{33BC9402-331E-47B5-8EE8-4F15AF463D12}"
EndProject
Project("{9A19103F-16F7-4668-BE54-9A1E7A4F7556}") = "Demo.SaveFileDialog", "samples\Wpf\Demo.SaveFileDialog\Demo.SaveFileDialog.csproj", "{62E90DFE-FF71-4558-A33E-361BFE60BF9D}"
EndProject
Project("{9A19103F-16F7-4668-BE54-9A1E7A4F7556}") = "Demo.CloseNonModalDialog", "samples\Wpf\Demo.CloseNonModalDialog\Demo.CloseNonModalDialog.csproj", "{CABB5675-02EF-42A7-A2C9-E4F37D66D12B}"
EndProject
Project("{9A19103F-16F7-4668-BE54-9A1E7A4F7556}") = "Demo.CustomDialogTypeLocator", "samples\Wpf\Demo.CustomDialogTypeLocator\Demo.CustomDialogTypeLocator.csproj", "{87DE982D-A97E-4D4A-84A4-0971A3710E41}"
EndProject
Project("{9A19103F-16F7-4668-BE54-9A1E7A4F7556}") = "MvvmDialogs.Avalonia", "src\MvvmDialogs.Avalonia\MvvmDialogs.Avalonia.csproj", "{0848A1AE-3147-432C-B473-44EE2CBA2E57}"
EndProject
Project("{9A19103F-16F7-4668-BE54-9A1E7A4F7556}") = "MvvmDialogs", "src\MvvmDialogs\MvvmDialogs.csproj", "{E14F830F-2A00-46D0-B25B-B3D675E86B02}"
EndProject
Project("{9A19103F-16F7-4668-BE54-9A1E7A4F7556}") = "MvvmDialogs.Wpf", "src\MvvmDialogs.Wpf\MvvmDialogs.Wpf.csproj", "{32D9C89C-9D88-40F9-A05D-CD95F05F38D0}"
EndProject
Project("{2150E333-8FDC-42A3-9474-1A3956D46DE8}") = "Avalonia", "Avalonia", "{0CAFC532-721B-4CD0-B4CA-AF10F07BFD76}"
EndProject
Project("{9A19103F-16F7-4668-BE54-9A1E7A4F7556}") = "Demo.ActivateNonModalDialog", "samples\Avalonia\Demo.ActivateNonModalDialog\Demo.ActivateNonModalDialog.csproj", "{696E93F8-4AAE-4230-9B6A-5BA53A69249D}"
EndProject
Project("{9A19103F-16F7-4668-BE54-9A1E7A4F7556}") = "Demo.CloseNonModalDialog", "samples\Avalonia\Demo.CloseNonModalDialog\Demo.CloseNonModalDialog.csproj", "{26E80F33-67D7-4F29-87E4-DFA45FBCF6B3}"
EndProject
Project("{9A19103F-16F7-4668-BE54-9A1E7A4F7556}") = "Demo.CustomDialogTypeLocator", "samples\Avalonia\Demo.CustomDialogTypeLocator\Demo.CustomDialogTypeLocator.csproj", "{1E8E714F-99B4-40F5-BFB1-241A9FA343F6}"
EndProject
Project("{9A19103F-16F7-4668-BE54-9A1E7A4F7556}") = "Demo.MessageBox", "samples\Avalonia\Demo.MessageBox\Demo.MessageBox.csproj", "{ADB64CA1-52F9-47B9-AC03-975D2C9E4022}"
EndProject
Project("{9A19103F-16F7-4668-BE54-9A1E7A4F7556}") = "Demo.ModalCustomDialog", "samples\Avalonia\Demo.ModalCustomDialog\Demo.ModalCustomDialog.csproj", "{89BFF856-E543-4EB5-B443-78B30D818D57}"
EndProject
Project("{9A19103F-16F7-4668-BE54-9A1E7A4F7556}") = "Demo.ModalDialog", "samples\Avalonia\Demo.ModalDialog\Demo.ModalDialog.csproj", "{4D578475-512F-43C5-9AF4-F8A8578732CE}"
EndProject
Project("{9A19103F-16F7-4668-BE54-9A1E7A4F7556}") = "Demo.NonModalCustomDialog", "samples\Avalonia\Demo.NonModalCustomDialog\Demo.NonModalCustomDialog.csproj", "{61F454B7-9F32-4CBA-8FE5-02B44D5CF25C}"
EndProject
Project("{9A19103F-16F7-4668-BE54-9A1E7A4F7556}") = "Demo.NonModalDialog", "samples\Avalonia\Demo.NonModalDialog\Demo.NonModalDialog.csproj", "{1E02BE6D-9F98-4343-930C-588CCB9A1296}"
EndProject
Project("{9A19103F-16F7-4668-BE54-9A1E7A4F7556}") = "Demo.OpenFileDialog", "samples\Avalonia\Demo.OpenFileDialog\Demo.OpenFileDialog.csproj", "{3D4F7533-B6B3-4F96-8794-F80A96EAB34E}"
EndProject
Project("{9A19103F-16F7-4668-BE54-9A1E7A4F7556}") = "Demo.SaveFileDialog", "samples\Avalonia\Demo.SaveFileDialog\Demo.SaveFileDialog.csproj", "{CC35BEDB-96DB-452C-BDDB-3D90169F8313}"
EndProject
Project("{9A19103F-16F7-4668-BE54-9A1E7A4F7556}") = "Demo.OpenFolderDialog", "samples\Wpf\Demo.OpenFolderDialog\Demo.OpenFolderDialog.csproj", "{27684F10-FC43-4868-80B3-9D1840E4CF54}"
EndProject
Project("{9A19103F-16F7-4668-BE54-9A1E7A4F7556}") = "Demo.CustomOpenFolderDialog", "samples\Wpf\Demo.CustomOpenFolderDialog\Demo.CustomOpenFolderDialog.csproj", "{3562249C-10F4-42C8-BD49-CCF26C51ED8C}"
EndProject
Project("{9A19103F-16F7-4668-BE54-9A1E7A4F7556}") = "Demo.OpenFolderDialog", "samples\Avalonia\Demo.OpenFolderDialog\Demo.OpenFolderDialog.csproj", "{2EBBA423-F963-4CF4-9355-A5B2CE7C699A}"
EndProject
Project("{9A19103F-16F7-4668-BE54-9A1E7A4F7556}") = "Demo.CustomOpenFolderDialog", "samples\Avalonia\Demo.CustomOpenFolderDialog\Demo.CustomOpenFolderDialog.csproj", "{F01E685B-AC00-44ED-AF05-D96633B1E31A}"
EndProject
Project("{9A19103F-16F7-4668-BE54-9A1E7A4F7556}") = "Demo.ModalDialog.Tests", "samples\Avalonia\Demo.ModalDialog.Tests\Demo.ModalDialog.Tests.csproj", "{20C76953-78BF-493C-BF15-AB67DC620D82}"
EndProject
Project("{9A19103F-16F7-4668-BE54-9A1E7A4F7556}") = "Demo.ModalDialog.Tests", "samples\Wpf\Demo.ModalDialog.Tests\Demo.ModalDialog.Tests.csproj", "{743EA3B7-51AE-4055-AA6B-A0232142F0C6}"
EndProject
Project("{9A19103F-16F7-4668-BE54-9A1E7A4F7556}") = "MvvmDialogs.Avalonia.MessageBox", "src\MvvmDialogs.Avalonia.MessageBox\MvvmDialogs.Avalonia.MessageBox.csproj", "{7958C69B-C7A0-4CC4-8340-5C375E7AA722}"
EndProject
Project("{9A19103F-16F7-4668-BE54-9A1E7A4F7556}") = "MvvmDialogs.Avalonia.Fluent", "src\MvvmDialogs.Avalonia.Fluent\MvvmDialogs.Avalonia.Fluent.csproj", "{532FD258-141B-4FF9-8846-CD8396728E27}"
EndProject
Project("{9A19103F-16F7-4668-BE54-9A1E7A4F7556}") = "Demo.FluentContentDialog", "samples\Avalonia\Demo.FluentContentDialog\Demo.FluentContentDialog.csproj", "{3B8A071F-EAE4-427F-9CF5-09BFA4F856FE}"
EndProject
Project("{9A19103F-16F7-4668-BE54-9A1E7A4F7556}") = "Demo.FluentTaskDialog", "samples\Avalonia\Demo.FluentTaskDialog\Demo.FluentTaskDialog.csproj", "{23550E77-920B-47A2-AE2C-36204BFA9469}"
EndProject
Project("{9A19103F-16F7-4668-BE54-9A1E7A4F7556}") = "Demo.FluentMessageBoxContentDialog", "samples\Avalonia\Demo.FluentMessageBoxContentDialog\Demo.FluentMessageBoxContentDialog.csproj", "{339BEC27-FD38-494E-9D96-7A43DE9B36B4}"
EndProject
Project("{9A19103F-16F7-4668-BE54-9A1E7A4F7556}") = "Demo.FluentMessageBoxTaskDialog", "samples\Avalonia\Demo.FluentMessageBoxTaskDialog\Demo.FluentMessageBoxTaskDialog.csproj", "{30F209A6-028C-4AF4-A34D-D32B6C0D3572}"
EndProject
Project("{9A19103F-16F7-4668-BE54-9A1E7A4F7556}") = "Demo.ViewEvents", "samples\Avalonia\Demo.ViewEvents\Demo.ViewEvents.csproj", "{BA8764EF-2FA6-43C8-8FAA-ABBA8CFA1CD7}"
EndProject
Project("{9A19103F-16F7-4668-BE54-9A1E7A4F7556}") = "Demo.ViewEvents", "samples\Wpf\Demo.ViewEvents\Demo.ViewEvents.csproj", "{1FA1B0CC-DC5D-4327-B7B9-FEC7C12F88D5}"
EndProject
Project("{2150E333-8FDC-42A3-9474-1A3956D46DE8}") = "CrossPlatform", "CrossPlatform", "{B90D3DCC-669D-4583-8BA0-682EB1F93BD2}"
EndProject
Project("{FAE04EC0-301F-11D3-BF4B-00C04F79EFBC}") = "MvvmDialogs.Avalonia.Tests", "src\MvvmDialogs.Avalonia.Tests\MvvmDialogs.Avalonia.Tests.csproj", "{AD2BE2F7-5D94-4E1C-AA4F-5F69B160B4CE}"
EndProject
Project("{FAE04EC0-301F-11D3-BF4B-00C04F79EFBC}") = "Demo.CrossPlatform", "samples\Avalonia\CrossPlatform\Demo.CrossPlatform\Demo.CrossPlatform.csproj", "{24D92E73-9429-48AD-A805-25CE7AF84D50}"
EndProject
Project("{FAE04EC0-301F-11D3-BF4B-00C04F79EFBC}") = "Demo.CrossPlatform.Android", "samples\Avalonia\CrossPlatform\Demo.CrossPlatform.Android\Demo.CrossPlatform.Android.csproj", "{497C1B3B-3326-45DB-BC0B-76C3EDAA26E0}"
EndProject
Project("{FAE04EC0-301F-11D3-BF4B-00C04F79EFBC}") = "Demo.CrossPlatform.iOS", "samples\Avalonia\CrossPlatform\Demo.CrossPlatform.iOS\Demo.CrossPlatform.iOS.csproj", "{08A1F54A-676B-4A9A-BE41-9BE1A21EC2C5}"
EndProject
Project("{FAE04EC0-301F-11D3-BF4B-00C04F79EFBC}") = "Demo.CrossPlatform.Desktop", "samples\Avalonia\CrossPlatform\Demo.CrossPlatform.Desktop\Demo.CrossPlatform.Desktop.csproj", "{DB400AC5-91AB-4621-9E12-6EF27BFE9D2B}"
EndProject
Project("{FAE04EC0-301F-11D3-BF4B-00C04F79EFBC}") = "Demo.CrossPlatform.Web", "samples\Avalonia\CrossPlatform\Demo.CrossPlatform.Web\Demo.CrossPlatform.Web.csproj", "{A8ADB3BE-683C-44FD-9C59-53F5B6B60A26}"
EndProject
Global
	GlobalSection(SolutionConfigurationPlatforms) = preSolution
		Debug|Any CPU = Debug|Any CPU
		Debug|ARM = Debug|ARM
		Debug|ARM64 = Debug|ARM64
		Debug|x64 = Debug|x64
		Debug|x86 = Debug|x86
		Release|Any CPU = Release|Any CPU
		Release|ARM = Release|ARM
		Release|ARM64 = Release|ARM64
		Release|x64 = Release|x64
		Release|x86 = Release|x86
	EndGlobalSection
	GlobalSection(ProjectConfigurationPlatforms) = postSolution
		{ED5001B1-A78B-4881-9BD8-CB56DD930585}.Debug|Any CPU.ActiveCfg = Debug|Any CPU
		{ED5001B1-A78B-4881-9BD8-CB56DD930585}.Debug|Any CPU.Build.0 = Debug|Any CPU
		{ED5001B1-A78B-4881-9BD8-CB56DD930585}.Debug|ARM.ActiveCfg = Debug|Any CPU
		{ED5001B1-A78B-4881-9BD8-CB56DD930585}.Debug|ARM.Build.0 = Debug|Any CPU
		{ED5001B1-A78B-4881-9BD8-CB56DD930585}.Debug|ARM64.ActiveCfg = Debug|Any CPU
		{ED5001B1-A78B-4881-9BD8-CB56DD930585}.Debug|ARM64.Build.0 = Debug|Any CPU
		{ED5001B1-A78B-4881-9BD8-CB56DD930585}.Debug|x64.ActiveCfg = Debug|Any CPU
		{ED5001B1-A78B-4881-9BD8-CB56DD930585}.Debug|x64.Build.0 = Debug|Any CPU
		{ED5001B1-A78B-4881-9BD8-CB56DD930585}.Debug|x86.ActiveCfg = Debug|Any CPU
		{ED5001B1-A78B-4881-9BD8-CB56DD930585}.Debug|x86.Build.0 = Debug|Any CPU
		{ED5001B1-A78B-4881-9BD8-CB56DD930585}.Release|Any CPU.ActiveCfg = Release|Any CPU
		{ED5001B1-A78B-4881-9BD8-CB56DD930585}.Release|Any CPU.Build.0 = Release|Any CPU
		{ED5001B1-A78B-4881-9BD8-CB56DD930585}.Release|ARM.ActiveCfg = Release|Any CPU
		{ED5001B1-A78B-4881-9BD8-CB56DD930585}.Release|ARM.Build.0 = Release|Any CPU
		{ED5001B1-A78B-4881-9BD8-CB56DD930585}.Release|ARM64.ActiveCfg = Release|Any CPU
		{ED5001B1-A78B-4881-9BD8-CB56DD930585}.Release|ARM64.Build.0 = Release|Any CPU
		{ED5001B1-A78B-4881-9BD8-CB56DD930585}.Release|x64.ActiveCfg = Release|Any CPU
		{ED5001B1-A78B-4881-9BD8-CB56DD930585}.Release|x64.Build.0 = Release|Any CPU
		{ED5001B1-A78B-4881-9BD8-CB56DD930585}.Release|x86.ActiveCfg = Release|Any CPU
		{ED5001B1-A78B-4881-9BD8-CB56DD930585}.Release|x86.Build.0 = Release|Any CPU
		{A6ABFE78-566C-4534-947E-BEFB86BDA347}.Debug|Any CPU.ActiveCfg = Debug|Any CPU
		{A6ABFE78-566C-4534-947E-BEFB86BDA347}.Debug|Any CPU.Build.0 = Debug|Any CPU
		{A6ABFE78-566C-4534-947E-BEFB86BDA347}.Debug|ARM.ActiveCfg = Debug|Any CPU
		{A6ABFE78-566C-4534-947E-BEFB86BDA347}.Debug|ARM.Build.0 = Debug|Any CPU
		{A6ABFE78-566C-4534-947E-BEFB86BDA347}.Debug|ARM64.ActiveCfg = Debug|Any CPU
		{A6ABFE78-566C-4534-947E-BEFB86BDA347}.Debug|ARM64.Build.0 = Debug|Any CPU
		{A6ABFE78-566C-4534-947E-BEFB86BDA347}.Debug|x64.ActiveCfg = Debug|Any CPU
		{A6ABFE78-566C-4534-947E-BEFB86BDA347}.Debug|x64.Build.0 = Debug|Any CPU
		{A6ABFE78-566C-4534-947E-BEFB86BDA347}.Debug|x86.ActiveCfg = Debug|Any CPU
		{A6ABFE78-566C-4534-947E-BEFB86BDA347}.Debug|x86.Build.0 = Debug|Any CPU
		{A6ABFE78-566C-4534-947E-BEFB86BDA347}.Release|Any CPU.ActiveCfg = Release|Any CPU
		{A6ABFE78-566C-4534-947E-BEFB86BDA347}.Release|Any CPU.Build.0 = Release|Any CPU
		{A6ABFE78-566C-4534-947E-BEFB86BDA347}.Release|ARM.ActiveCfg = Release|Any CPU
		{A6ABFE78-566C-4534-947E-BEFB86BDA347}.Release|ARM.Build.0 = Release|Any CPU
		{A6ABFE78-566C-4534-947E-BEFB86BDA347}.Release|ARM64.ActiveCfg = Release|Any CPU
		{A6ABFE78-566C-4534-947E-BEFB86BDA347}.Release|ARM64.Build.0 = Release|Any CPU
		{A6ABFE78-566C-4534-947E-BEFB86BDA347}.Release|x64.ActiveCfg = Release|Any CPU
		{A6ABFE78-566C-4534-947E-BEFB86BDA347}.Release|x64.Build.0 = Release|Any CPU
		{A6ABFE78-566C-4534-947E-BEFB86BDA347}.Release|x86.ActiveCfg = Release|Any CPU
		{A6ABFE78-566C-4534-947E-BEFB86BDA347}.Release|x86.Build.0 = Release|Any CPU
		{AD1F57E0-055A-4838-91AD-B824BF17E481}.Debug|Any CPU.ActiveCfg = Debug|Any CPU
		{AD1F57E0-055A-4838-91AD-B824BF17E481}.Debug|Any CPU.Build.0 = Debug|Any CPU
		{AD1F57E0-055A-4838-91AD-B824BF17E481}.Debug|ARM.ActiveCfg = Debug|Any CPU
		{AD1F57E0-055A-4838-91AD-B824BF17E481}.Debug|ARM.Build.0 = Debug|Any CPU
		{AD1F57E0-055A-4838-91AD-B824BF17E481}.Debug|ARM64.ActiveCfg = Debug|Any CPU
		{AD1F57E0-055A-4838-91AD-B824BF17E481}.Debug|ARM64.Build.0 = Debug|Any CPU
		{AD1F57E0-055A-4838-91AD-B824BF17E481}.Debug|x64.ActiveCfg = Debug|Any CPU
		{AD1F57E0-055A-4838-91AD-B824BF17E481}.Debug|x64.Build.0 = Debug|Any CPU
		{AD1F57E0-055A-4838-91AD-B824BF17E481}.Debug|x86.ActiveCfg = Debug|Any CPU
		{AD1F57E0-055A-4838-91AD-B824BF17E481}.Debug|x86.Build.0 = Debug|Any CPU
		{AD1F57E0-055A-4838-91AD-B824BF17E481}.Release|Any CPU.ActiveCfg = Release|Any CPU
		{AD1F57E0-055A-4838-91AD-B824BF17E481}.Release|Any CPU.Build.0 = Release|Any CPU
		{AD1F57E0-055A-4838-91AD-B824BF17E481}.Release|ARM.ActiveCfg = Release|Any CPU
		{AD1F57E0-055A-4838-91AD-B824BF17E481}.Release|ARM.Build.0 = Release|Any CPU
		{AD1F57E0-055A-4838-91AD-B824BF17E481}.Release|ARM64.ActiveCfg = Release|Any CPU
		{AD1F57E0-055A-4838-91AD-B824BF17E481}.Release|ARM64.Build.0 = Release|Any CPU
		{AD1F57E0-055A-4838-91AD-B824BF17E481}.Release|x64.ActiveCfg = Release|Any CPU
		{AD1F57E0-055A-4838-91AD-B824BF17E481}.Release|x64.Build.0 = Release|Any CPU
		{AD1F57E0-055A-4838-91AD-B824BF17E481}.Release|x86.ActiveCfg = Release|Any CPU
		{AD1F57E0-055A-4838-91AD-B824BF17E481}.Release|x86.Build.0 = Release|Any CPU
		{F2CAA958-5A0E-4BB3-B624-B8360C5F2978}.Debug|Any CPU.ActiveCfg = Debug|Any CPU
		{F2CAA958-5A0E-4BB3-B624-B8360C5F2978}.Debug|Any CPU.Build.0 = Debug|Any CPU
		{F2CAA958-5A0E-4BB3-B624-B8360C5F2978}.Debug|ARM.ActiveCfg = Debug|Any CPU
		{F2CAA958-5A0E-4BB3-B624-B8360C5F2978}.Debug|ARM.Build.0 = Debug|Any CPU
		{F2CAA958-5A0E-4BB3-B624-B8360C5F2978}.Debug|ARM64.ActiveCfg = Debug|Any CPU
		{F2CAA958-5A0E-4BB3-B624-B8360C5F2978}.Debug|ARM64.Build.0 = Debug|Any CPU
		{F2CAA958-5A0E-4BB3-B624-B8360C5F2978}.Debug|x64.ActiveCfg = Debug|Any CPU
		{F2CAA958-5A0E-4BB3-B624-B8360C5F2978}.Debug|x64.Build.0 = Debug|Any CPU
		{F2CAA958-5A0E-4BB3-B624-B8360C5F2978}.Debug|x86.ActiveCfg = Debug|Any CPU
		{F2CAA958-5A0E-4BB3-B624-B8360C5F2978}.Debug|x86.Build.0 = Debug|Any CPU
		{F2CAA958-5A0E-4BB3-B624-B8360C5F2978}.Release|Any CPU.ActiveCfg = Release|Any CPU
		{F2CAA958-5A0E-4BB3-B624-B8360C5F2978}.Release|Any CPU.Build.0 = Release|Any CPU
		{F2CAA958-5A0E-4BB3-B624-B8360C5F2978}.Release|ARM.ActiveCfg = Release|Any CPU
		{F2CAA958-5A0E-4BB3-B624-B8360C5F2978}.Release|ARM.Build.0 = Release|Any CPU
		{F2CAA958-5A0E-4BB3-B624-B8360C5F2978}.Release|ARM64.ActiveCfg = Release|Any CPU
		{F2CAA958-5A0E-4BB3-B624-B8360C5F2978}.Release|ARM64.Build.0 = Release|Any CPU
		{F2CAA958-5A0E-4BB3-B624-B8360C5F2978}.Release|x64.ActiveCfg = Release|Any CPU
		{F2CAA958-5A0E-4BB3-B624-B8360C5F2978}.Release|x64.Build.0 = Release|Any CPU
		{F2CAA958-5A0E-4BB3-B624-B8360C5F2978}.Release|x86.ActiveCfg = Release|Any CPU
		{F2CAA958-5A0E-4BB3-B624-B8360C5F2978}.Release|x86.Build.0 = Release|Any CPU
		{DD760082-E0FA-433F-A1D0-D05F5D91FFA9}.Debug|Any CPU.ActiveCfg = Debug|Any CPU
		{DD760082-E0FA-433F-A1D0-D05F5D91FFA9}.Debug|Any CPU.Build.0 = Debug|Any CPU
		{DD760082-E0FA-433F-A1D0-D05F5D91FFA9}.Debug|ARM.ActiveCfg = Debug|Any CPU
		{DD760082-E0FA-433F-A1D0-D05F5D91FFA9}.Debug|ARM.Build.0 = Debug|Any CPU
		{DD760082-E0FA-433F-A1D0-D05F5D91FFA9}.Debug|ARM64.ActiveCfg = Debug|Any CPU
		{DD760082-E0FA-433F-A1D0-D05F5D91FFA9}.Debug|ARM64.Build.0 = Debug|Any CPU
		{DD760082-E0FA-433F-A1D0-D05F5D91FFA9}.Debug|x64.ActiveCfg = Debug|Any CPU
		{DD760082-E0FA-433F-A1D0-D05F5D91FFA9}.Debug|x64.Build.0 = Debug|Any CPU
		{DD760082-E0FA-433F-A1D0-D05F5D91FFA9}.Debug|x86.ActiveCfg = Debug|Any CPU
		{DD760082-E0FA-433F-A1D0-D05F5D91FFA9}.Debug|x86.Build.0 = Debug|Any CPU
		{DD760082-E0FA-433F-A1D0-D05F5D91FFA9}.Release|Any CPU.ActiveCfg = Release|Any CPU
		{DD760082-E0FA-433F-A1D0-D05F5D91FFA9}.Release|Any CPU.Build.0 = Release|Any CPU
		{DD760082-E0FA-433F-A1D0-D05F5D91FFA9}.Release|ARM.ActiveCfg = Release|Any CPU
		{DD760082-E0FA-433F-A1D0-D05F5D91FFA9}.Release|ARM.Build.0 = Release|Any CPU
		{DD760082-E0FA-433F-A1D0-D05F5D91FFA9}.Release|ARM64.ActiveCfg = Release|Any CPU
		{DD760082-E0FA-433F-A1D0-D05F5D91FFA9}.Release|ARM64.Build.0 = Release|Any CPU
		{DD760082-E0FA-433F-A1D0-D05F5D91FFA9}.Release|x64.ActiveCfg = Release|Any CPU
		{DD760082-E0FA-433F-A1D0-D05F5D91FFA9}.Release|x64.Build.0 = Release|Any CPU
		{DD760082-E0FA-433F-A1D0-D05F5D91FFA9}.Release|x86.ActiveCfg = Release|Any CPU
		{DD760082-E0FA-433F-A1D0-D05F5D91FFA9}.Release|x86.Build.0 = Release|Any CPU
		{74041466-C4C6-4396-8B57-D176CF5C0FD9}.Debug|Any CPU.ActiveCfg = Debug|Any CPU
		{74041466-C4C6-4396-8B57-D176CF5C0FD9}.Debug|Any CPU.Build.0 = Debug|Any CPU
		{74041466-C4C6-4396-8B57-D176CF5C0FD9}.Debug|ARM.ActiveCfg = Debug|Any CPU
		{74041466-C4C6-4396-8B57-D176CF5C0FD9}.Debug|ARM.Build.0 = Debug|Any CPU
		{74041466-C4C6-4396-8B57-D176CF5C0FD9}.Debug|ARM64.ActiveCfg = Debug|Any CPU
		{74041466-C4C6-4396-8B57-D176CF5C0FD9}.Debug|ARM64.Build.0 = Debug|Any CPU
		{74041466-C4C6-4396-8B57-D176CF5C0FD9}.Debug|x64.ActiveCfg = Debug|Any CPU
		{74041466-C4C6-4396-8B57-D176CF5C0FD9}.Debug|x64.Build.0 = Debug|Any CPU
		{74041466-C4C6-4396-8B57-D176CF5C0FD9}.Debug|x86.ActiveCfg = Debug|Any CPU
		{74041466-C4C6-4396-8B57-D176CF5C0FD9}.Debug|x86.Build.0 = Debug|Any CPU
		{74041466-C4C6-4396-8B57-D176CF5C0FD9}.Release|Any CPU.ActiveCfg = Release|Any CPU
		{74041466-C4C6-4396-8B57-D176CF5C0FD9}.Release|Any CPU.Build.0 = Release|Any CPU
		{74041466-C4C6-4396-8B57-D176CF5C0FD9}.Release|ARM.ActiveCfg = Release|Any CPU
		{74041466-C4C6-4396-8B57-D176CF5C0FD9}.Release|ARM.Build.0 = Release|Any CPU
		{74041466-C4C6-4396-8B57-D176CF5C0FD9}.Release|ARM64.ActiveCfg = Release|Any CPU
		{74041466-C4C6-4396-8B57-D176CF5C0FD9}.Release|ARM64.Build.0 = Release|Any CPU
		{74041466-C4C6-4396-8B57-D176CF5C0FD9}.Release|x64.ActiveCfg = Release|Any CPU
		{74041466-C4C6-4396-8B57-D176CF5C0FD9}.Release|x64.Build.0 = Release|Any CPU
		{74041466-C4C6-4396-8B57-D176CF5C0FD9}.Release|x86.ActiveCfg = Release|Any CPU
		{74041466-C4C6-4396-8B57-D176CF5C0FD9}.Release|x86.Build.0 = Release|Any CPU
		{33BC9402-331E-47B5-8EE8-4F15AF463D12}.Debug|Any CPU.ActiveCfg = Debug|Any CPU
		{33BC9402-331E-47B5-8EE8-4F15AF463D12}.Debug|Any CPU.Build.0 = Debug|Any CPU
		{33BC9402-331E-47B5-8EE8-4F15AF463D12}.Debug|ARM.ActiveCfg = Debug|Any CPU
		{33BC9402-331E-47B5-8EE8-4F15AF463D12}.Debug|ARM.Build.0 = Debug|Any CPU
		{33BC9402-331E-47B5-8EE8-4F15AF463D12}.Debug|ARM64.ActiveCfg = Debug|Any CPU
		{33BC9402-331E-47B5-8EE8-4F15AF463D12}.Debug|ARM64.Build.0 = Debug|Any CPU
		{33BC9402-331E-47B5-8EE8-4F15AF463D12}.Debug|x64.ActiveCfg = Debug|Any CPU
		{33BC9402-331E-47B5-8EE8-4F15AF463D12}.Debug|x64.Build.0 = Debug|Any CPU
		{33BC9402-331E-47B5-8EE8-4F15AF463D12}.Debug|x86.ActiveCfg = Debug|Any CPU
		{33BC9402-331E-47B5-8EE8-4F15AF463D12}.Debug|x86.Build.0 = Debug|Any CPU
		{33BC9402-331E-47B5-8EE8-4F15AF463D12}.Release|Any CPU.ActiveCfg = Release|Any CPU
		{33BC9402-331E-47B5-8EE8-4F15AF463D12}.Release|Any CPU.Build.0 = Release|Any CPU
		{33BC9402-331E-47B5-8EE8-4F15AF463D12}.Release|ARM.ActiveCfg = Release|Any CPU
		{33BC9402-331E-47B5-8EE8-4F15AF463D12}.Release|ARM.Build.0 = Release|Any CPU
		{33BC9402-331E-47B5-8EE8-4F15AF463D12}.Release|ARM64.ActiveCfg = Release|Any CPU
		{33BC9402-331E-47B5-8EE8-4F15AF463D12}.Release|ARM64.Build.0 = Release|Any CPU
		{33BC9402-331E-47B5-8EE8-4F15AF463D12}.Release|x64.ActiveCfg = Release|Any CPU
		{33BC9402-331E-47B5-8EE8-4F15AF463D12}.Release|x64.Build.0 = Release|Any CPU
		{33BC9402-331E-47B5-8EE8-4F15AF463D12}.Release|x86.ActiveCfg = Release|Any CPU
		{33BC9402-331E-47B5-8EE8-4F15AF463D12}.Release|x86.Build.0 = Release|Any CPU
		{62E90DFE-FF71-4558-A33E-361BFE60BF9D}.Debug|Any CPU.ActiveCfg = Debug|Any CPU
		{62E90DFE-FF71-4558-A33E-361BFE60BF9D}.Debug|Any CPU.Build.0 = Debug|Any CPU
		{62E90DFE-FF71-4558-A33E-361BFE60BF9D}.Debug|ARM.ActiveCfg = Debug|Any CPU
		{62E90DFE-FF71-4558-A33E-361BFE60BF9D}.Debug|ARM.Build.0 = Debug|Any CPU
		{62E90DFE-FF71-4558-A33E-361BFE60BF9D}.Debug|ARM64.ActiveCfg = Debug|Any CPU
		{62E90DFE-FF71-4558-A33E-361BFE60BF9D}.Debug|ARM64.Build.0 = Debug|Any CPU
		{62E90DFE-FF71-4558-A33E-361BFE60BF9D}.Debug|x64.ActiveCfg = Debug|Any CPU
		{62E90DFE-FF71-4558-A33E-361BFE60BF9D}.Debug|x64.Build.0 = Debug|Any CPU
		{62E90DFE-FF71-4558-A33E-361BFE60BF9D}.Debug|x86.ActiveCfg = Debug|Any CPU
		{62E90DFE-FF71-4558-A33E-361BFE60BF9D}.Debug|x86.Build.0 = Debug|Any CPU
		{62E90DFE-FF71-4558-A33E-361BFE60BF9D}.Release|Any CPU.ActiveCfg = Release|Any CPU
		{62E90DFE-FF71-4558-A33E-361BFE60BF9D}.Release|Any CPU.Build.0 = Release|Any CPU
		{62E90DFE-FF71-4558-A33E-361BFE60BF9D}.Release|ARM.ActiveCfg = Release|Any CPU
		{62E90DFE-FF71-4558-A33E-361BFE60BF9D}.Release|ARM.Build.0 = Release|Any CPU
		{62E90DFE-FF71-4558-A33E-361BFE60BF9D}.Release|ARM64.ActiveCfg = Release|Any CPU
		{62E90DFE-FF71-4558-A33E-361BFE60BF9D}.Release|ARM64.Build.0 = Release|Any CPU
		{62E90DFE-FF71-4558-A33E-361BFE60BF9D}.Release|x64.ActiveCfg = Release|Any CPU
		{62E90DFE-FF71-4558-A33E-361BFE60BF9D}.Release|x64.Build.0 = Release|Any CPU
		{62E90DFE-FF71-4558-A33E-361BFE60BF9D}.Release|x86.ActiveCfg = Release|Any CPU
		{62E90DFE-FF71-4558-A33E-361BFE60BF9D}.Release|x86.Build.0 = Release|Any CPU
		{CABB5675-02EF-42A7-A2C9-E4F37D66D12B}.Debug|Any CPU.ActiveCfg = Debug|Any CPU
		{CABB5675-02EF-42A7-A2C9-E4F37D66D12B}.Debug|Any CPU.Build.0 = Debug|Any CPU
		{CABB5675-02EF-42A7-A2C9-E4F37D66D12B}.Debug|ARM.ActiveCfg = Debug|Any CPU
		{CABB5675-02EF-42A7-A2C9-E4F37D66D12B}.Debug|ARM.Build.0 = Debug|Any CPU
		{CABB5675-02EF-42A7-A2C9-E4F37D66D12B}.Debug|ARM64.ActiveCfg = Debug|Any CPU
		{CABB5675-02EF-42A7-A2C9-E4F37D66D12B}.Debug|ARM64.Build.0 = Debug|Any CPU
		{CABB5675-02EF-42A7-A2C9-E4F37D66D12B}.Debug|x64.ActiveCfg = Debug|Any CPU
		{CABB5675-02EF-42A7-A2C9-E4F37D66D12B}.Debug|x64.Build.0 = Debug|Any CPU
		{CABB5675-02EF-42A7-A2C9-E4F37D66D12B}.Debug|x86.ActiveCfg = Debug|Any CPU
		{CABB5675-02EF-42A7-A2C9-E4F37D66D12B}.Debug|x86.Build.0 = Debug|Any CPU
		{CABB5675-02EF-42A7-A2C9-E4F37D66D12B}.Release|Any CPU.ActiveCfg = Release|Any CPU
		{CABB5675-02EF-42A7-A2C9-E4F37D66D12B}.Release|Any CPU.Build.0 = Release|Any CPU
		{CABB5675-02EF-42A7-A2C9-E4F37D66D12B}.Release|ARM.ActiveCfg = Release|Any CPU
		{CABB5675-02EF-42A7-A2C9-E4F37D66D12B}.Release|ARM.Build.0 = Release|Any CPU
		{CABB5675-02EF-42A7-A2C9-E4F37D66D12B}.Release|ARM64.ActiveCfg = Release|Any CPU
		{CABB5675-02EF-42A7-A2C9-E4F37D66D12B}.Release|ARM64.Build.0 = Release|Any CPU
		{CABB5675-02EF-42A7-A2C9-E4F37D66D12B}.Release|x64.ActiveCfg = Release|Any CPU
		{CABB5675-02EF-42A7-A2C9-E4F37D66D12B}.Release|x64.Build.0 = Release|Any CPU
		{CABB5675-02EF-42A7-A2C9-E4F37D66D12B}.Release|x86.ActiveCfg = Release|Any CPU
		{CABB5675-02EF-42A7-A2C9-E4F37D66D12B}.Release|x86.Build.0 = Release|Any CPU
		{87DE982D-A97E-4D4A-84A4-0971A3710E41}.Debug|Any CPU.ActiveCfg = Debug|Any CPU
		{87DE982D-A97E-4D4A-84A4-0971A3710E41}.Debug|Any CPU.Build.0 = Debug|Any CPU
		{87DE982D-A97E-4D4A-84A4-0971A3710E41}.Debug|ARM.ActiveCfg = Debug|Any CPU
		{87DE982D-A97E-4D4A-84A4-0971A3710E41}.Debug|ARM.Build.0 = Debug|Any CPU
		{87DE982D-A97E-4D4A-84A4-0971A3710E41}.Debug|ARM64.ActiveCfg = Debug|Any CPU
		{87DE982D-A97E-4D4A-84A4-0971A3710E41}.Debug|ARM64.Build.0 = Debug|Any CPU
		{87DE982D-A97E-4D4A-84A4-0971A3710E41}.Debug|x64.ActiveCfg = Debug|Any CPU
		{87DE982D-A97E-4D4A-84A4-0971A3710E41}.Debug|x64.Build.0 = Debug|Any CPU
		{87DE982D-A97E-4D4A-84A4-0971A3710E41}.Debug|x86.ActiveCfg = Debug|Any CPU
		{87DE982D-A97E-4D4A-84A4-0971A3710E41}.Debug|x86.Build.0 = Debug|Any CPU
		{87DE982D-A97E-4D4A-84A4-0971A3710E41}.Release|Any CPU.ActiveCfg = Release|Any CPU
		{87DE982D-A97E-4D4A-84A4-0971A3710E41}.Release|Any CPU.Build.0 = Release|Any CPU
		{87DE982D-A97E-4D4A-84A4-0971A3710E41}.Release|ARM.ActiveCfg = Release|Any CPU
		{87DE982D-A97E-4D4A-84A4-0971A3710E41}.Release|ARM.Build.0 = Release|Any CPU
		{87DE982D-A97E-4D4A-84A4-0971A3710E41}.Release|ARM64.ActiveCfg = Release|Any CPU
		{87DE982D-A97E-4D4A-84A4-0971A3710E41}.Release|ARM64.Build.0 = Release|Any CPU
		{87DE982D-A97E-4D4A-84A4-0971A3710E41}.Release|x64.ActiveCfg = Release|Any CPU
		{87DE982D-A97E-4D4A-84A4-0971A3710E41}.Release|x64.Build.0 = Release|Any CPU
		{87DE982D-A97E-4D4A-84A4-0971A3710E41}.Release|x86.ActiveCfg = Release|Any CPU
		{87DE982D-A97E-4D4A-84A4-0971A3710E41}.Release|x86.Build.0 = Release|Any CPU
		{0848A1AE-3147-432C-B473-44EE2CBA2E57}.Debug|Any CPU.ActiveCfg = Debug|Any CPU
		{0848A1AE-3147-432C-B473-44EE2CBA2E57}.Debug|Any CPU.Build.0 = Debug|Any CPU
		{0848A1AE-3147-432C-B473-44EE2CBA2E57}.Debug|ARM.ActiveCfg = Debug|Any CPU
		{0848A1AE-3147-432C-B473-44EE2CBA2E57}.Debug|ARM.Build.0 = Debug|Any CPU
		{0848A1AE-3147-432C-B473-44EE2CBA2E57}.Debug|ARM64.ActiveCfg = Debug|Any CPU
		{0848A1AE-3147-432C-B473-44EE2CBA2E57}.Debug|ARM64.Build.0 = Debug|Any CPU
		{0848A1AE-3147-432C-B473-44EE2CBA2E57}.Debug|x64.ActiveCfg = Debug|Any CPU
		{0848A1AE-3147-432C-B473-44EE2CBA2E57}.Debug|x64.Build.0 = Debug|Any CPU
		{0848A1AE-3147-432C-B473-44EE2CBA2E57}.Debug|x86.ActiveCfg = Debug|Any CPU
		{0848A1AE-3147-432C-B473-44EE2CBA2E57}.Debug|x86.Build.0 = Debug|Any CPU
		{0848A1AE-3147-432C-B473-44EE2CBA2E57}.Release|Any CPU.ActiveCfg = Release|Any CPU
		{0848A1AE-3147-432C-B473-44EE2CBA2E57}.Release|Any CPU.Build.0 = Release|Any CPU
		{0848A1AE-3147-432C-B473-44EE2CBA2E57}.Release|ARM.ActiveCfg = Release|Any CPU
		{0848A1AE-3147-432C-B473-44EE2CBA2E57}.Release|ARM.Build.0 = Release|Any CPU
		{0848A1AE-3147-432C-B473-44EE2CBA2E57}.Release|ARM64.ActiveCfg = Release|Any CPU
		{0848A1AE-3147-432C-B473-44EE2CBA2E57}.Release|ARM64.Build.0 = Release|Any CPU
		{0848A1AE-3147-432C-B473-44EE2CBA2E57}.Release|x64.ActiveCfg = Release|Any CPU
		{0848A1AE-3147-432C-B473-44EE2CBA2E57}.Release|x64.Build.0 = Release|Any CPU
		{0848A1AE-3147-432C-B473-44EE2CBA2E57}.Release|x86.ActiveCfg = Release|Any CPU
		{0848A1AE-3147-432C-B473-44EE2CBA2E57}.Release|x86.Build.0 = Release|Any CPU
		{E14F830F-2A00-46D0-B25B-B3D675E86B02}.Debug|Any CPU.ActiveCfg = Debug|Any CPU
		{E14F830F-2A00-46D0-B25B-B3D675E86B02}.Debug|Any CPU.Build.0 = Debug|Any CPU
		{E14F830F-2A00-46D0-B25B-B3D675E86B02}.Debug|ARM.ActiveCfg = Debug|Any CPU
		{E14F830F-2A00-46D0-B25B-B3D675E86B02}.Debug|ARM.Build.0 = Debug|Any CPU
		{E14F830F-2A00-46D0-B25B-B3D675E86B02}.Debug|ARM64.ActiveCfg = Debug|Any CPU
		{E14F830F-2A00-46D0-B25B-B3D675E86B02}.Debug|ARM64.Build.0 = Debug|Any CPU
		{E14F830F-2A00-46D0-B25B-B3D675E86B02}.Debug|x64.ActiveCfg = Debug|Any CPU
		{E14F830F-2A00-46D0-B25B-B3D675E86B02}.Debug|x64.Build.0 = Debug|Any CPU
		{E14F830F-2A00-46D0-B25B-B3D675E86B02}.Debug|x86.ActiveCfg = Debug|Any CPU
		{E14F830F-2A00-46D0-B25B-B3D675E86B02}.Debug|x86.Build.0 = Debug|Any CPU
		{E14F830F-2A00-46D0-B25B-B3D675E86B02}.Release|Any CPU.ActiveCfg = Release|Any CPU
		{E14F830F-2A00-46D0-B25B-B3D675E86B02}.Release|Any CPU.Build.0 = Release|Any CPU
		{E14F830F-2A00-46D0-B25B-B3D675E86B02}.Release|ARM.ActiveCfg = Release|Any CPU
		{E14F830F-2A00-46D0-B25B-B3D675E86B02}.Release|ARM.Build.0 = Release|Any CPU
		{E14F830F-2A00-46D0-B25B-B3D675E86B02}.Release|ARM64.ActiveCfg = Release|Any CPU
		{E14F830F-2A00-46D0-B25B-B3D675E86B02}.Release|ARM64.Build.0 = Release|Any CPU
		{E14F830F-2A00-46D0-B25B-B3D675E86B02}.Release|x64.ActiveCfg = Release|Any CPU
		{E14F830F-2A00-46D0-B25B-B3D675E86B02}.Release|x64.Build.0 = Release|Any CPU
		{E14F830F-2A00-46D0-B25B-B3D675E86B02}.Release|x86.ActiveCfg = Release|Any CPU
		{E14F830F-2A00-46D0-B25B-B3D675E86B02}.Release|x86.Build.0 = Release|Any CPU
		{32D9C89C-9D88-40F9-A05D-CD95F05F38D0}.Debug|Any CPU.ActiveCfg = Debug|Any CPU
		{32D9C89C-9D88-40F9-A05D-CD95F05F38D0}.Debug|Any CPU.Build.0 = Debug|Any CPU
		{32D9C89C-9D88-40F9-A05D-CD95F05F38D0}.Debug|ARM.ActiveCfg = Debug|Any CPU
		{32D9C89C-9D88-40F9-A05D-CD95F05F38D0}.Debug|ARM.Build.0 = Debug|Any CPU
		{32D9C89C-9D88-40F9-A05D-CD95F05F38D0}.Debug|ARM64.ActiveCfg = Debug|Any CPU
		{32D9C89C-9D88-40F9-A05D-CD95F05F38D0}.Debug|ARM64.Build.0 = Debug|Any CPU
		{32D9C89C-9D88-40F9-A05D-CD95F05F38D0}.Debug|x64.ActiveCfg = Debug|Any CPU
		{32D9C89C-9D88-40F9-A05D-CD95F05F38D0}.Debug|x64.Build.0 = Debug|Any CPU
		{32D9C89C-9D88-40F9-A05D-CD95F05F38D0}.Debug|x86.ActiveCfg = Debug|Any CPU
		{32D9C89C-9D88-40F9-A05D-CD95F05F38D0}.Debug|x86.Build.0 = Debug|Any CPU
		{32D9C89C-9D88-40F9-A05D-CD95F05F38D0}.Release|Any CPU.ActiveCfg = Release|Any CPU
		{32D9C89C-9D88-40F9-A05D-CD95F05F38D0}.Release|Any CPU.Build.0 = Release|Any CPU
		{32D9C89C-9D88-40F9-A05D-CD95F05F38D0}.Release|ARM.ActiveCfg = Release|Any CPU
		{32D9C89C-9D88-40F9-A05D-CD95F05F38D0}.Release|ARM.Build.0 = Release|Any CPU
		{32D9C89C-9D88-40F9-A05D-CD95F05F38D0}.Release|ARM64.ActiveCfg = Release|Any CPU
		{32D9C89C-9D88-40F9-A05D-CD95F05F38D0}.Release|ARM64.Build.0 = Release|Any CPU
		{32D9C89C-9D88-40F9-A05D-CD95F05F38D0}.Release|x64.ActiveCfg = Release|Any CPU
		{32D9C89C-9D88-40F9-A05D-CD95F05F38D0}.Release|x64.Build.0 = Release|Any CPU
		{32D9C89C-9D88-40F9-A05D-CD95F05F38D0}.Release|x86.ActiveCfg = Release|Any CPU
		{32D9C89C-9D88-40F9-A05D-CD95F05F38D0}.Release|x86.Build.0 = Release|Any CPU
		{696E93F8-4AAE-4230-9B6A-5BA53A69249D}.Debug|Any CPU.ActiveCfg = Debug|Any CPU
		{696E93F8-4AAE-4230-9B6A-5BA53A69249D}.Debug|Any CPU.Build.0 = Debug|Any CPU
		{696E93F8-4AAE-4230-9B6A-5BA53A69249D}.Debug|ARM.ActiveCfg = Debug|Any CPU
		{696E93F8-4AAE-4230-9B6A-5BA53A69249D}.Debug|ARM.Build.0 = Debug|Any CPU
		{696E93F8-4AAE-4230-9B6A-5BA53A69249D}.Debug|ARM64.ActiveCfg = Debug|Any CPU
		{696E93F8-4AAE-4230-9B6A-5BA53A69249D}.Debug|ARM64.Build.0 = Debug|Any CPU
		{696E93F8-4AAE-4230-9B6A-5BA53A69249D}.Debug|x64.ActiveCfg = Debug|Any CPU
		{696E93F8-4AAE-4230-9B6A-5BA53A69249D}.Debug|x64.Build.0 = Debug|Any CPU
		{696E93F8-4AAE-4230-9B6A-5BA53A69249D}.Debug|x86.ActiveCfg = Debug|Any CPU
		{696E93F8-4AAE-4230-9B6A-5BA53A69249D}.Debug|x86.Build.0 = Debug|Any CPU
		{696E93F8-4AAE-4230-9B6A-5BA53A69249D}.Release|Any CPU.ActiveCfg = Release|Any CPU
		{696E93F8-4AAE-4230-9B6A-5BA53A69249D}.Release|Any CPU.Build.0 = Release|Any CPU
		{696E93F8-4AAE-4230-9B6A-5BA53A69249D}.Release|ARM.ActiveCfg = Release|Any CPU
		{696E93F8-4AAE-4230-9B6A-5BA53A69249D}.Release|ARM.Build.0 = Release|Any CPU
		{696E93F8-4AAE-4230-9B6A-5BA53A69249D}.Release|ARM64.ActiveCfg = Release|Any CPU
		{696E93F8-4AAE-4230-9B6A-5BA53A69249D}.Release|ARM64.Build.0 = Release|Any CPU
		{696E93F8-4AAE-4230-9B6A-5BA53A69249D}.Release|x64.ActiveCfg = Release|Any CPU
		{696E93F8-4AAE-4230-9B6A-5BA53A69249D}.Release|x64.Build.0 = Release|Any CPU
		{696E93F8-4AAE-4230-9B6A-5BA53A69249D}.Release|x86.ActiveCfg = Release|Any CPU
		{696E93F8-4AAE-4230-9B6A-5BA53A69249D}.Release|x86.Build.0 = Release|Any CPU
		{26E80F33-67D7-4F29-87E4-DFA45FBCF6B3}.Debug|Any CPU.ActiveCfg = Debug|Any CPU
		{26E80F33-67D7-4F29-87E4-DFA45FBCF6B3}.Debug|Any CPU.Build.0 = Debug|Any CPU
		{26E80F33-67D7-4F29-87E4-DFA45FBCF6B3}.Debug|ARM.ActiveCfg = Debug|Any CPU
		{26E80F33-67D7-4F29-87E4-DFA45FBCF6B3}.Debug|ARM.Build.0 = Debug|Any CPU
		{26E80F33-67D7-4F29-87E4-DFA45FBCF6B3}.Debug|ARM64.ActiveCfg = Debug|Any CPU
		{26E80F33-67D7-4F29-87E4-DFA45FBCF6B3}.Debug|ARM64.Build.0 = Debug|Any CPU
		{26E80F33-67D7-4F29-87E4-DFA45FBCF6B3}.Debug|x64.ActiveCfg = Debug|Any CPU
		{26E80F33-67D7-4F29-87E4-DFA45FBCF6B3}.Debug|x64.Build.0 = Debug|Any CPU
		{26E80F33-67D7-4F29-87E4-DFA45FBCF6B3}.Debug|x86.ActiveCfg = Debug|Any CPU
		{26E80F33-67D7-4F29-87E4-DFA45FBCF6B3}.Debug|x86.Build.0 = Debug|Any CPU
		{26E80F33-67D7-4F29-87E4-DFA45FBCF6B3}.Release|Any CPU.ActiveCfg = Release|Any CPU
		{26E80F33-67D7-4F29-87E4-DFA45FBCF6B3}.Release|Any CPU.Build.0 = Release|Any CPU
		{26E80F33-67D7-4F29-87E4-DFA45FBCF6B3}.Release|ARM.ActiveCfg = Release|Any CPU
		{26E80F33-67D7-4F29-87E4-DFA45FBCF6B3}.Release|ARM.Build.0 = Release|Any CPU
		{26E80F33-67D7-4F29-87E4-DFA45FBCF6B3}.Release|ARM64.ActiveCfg = Release|Any CPU
		{26E80F33-67D7-4F29-87E4-DFA45FBCF6B3}.Release|ARM64.Build.0 = Release|Any CPU
		{26E80F33-67D7-4F29-87E4-DFA45FBCF6B3}.Release|x64.ActiveCfg = Release|Any CPU
		{26E80F33-67D7-4F29-87E4-DFA45FBCF6B3}.Release|x64.Build.0 = Release|Any CPU
		{26E80F33-67D7-4F29-87E4-DFA45FBCF6B3}.Release|x86.ActiveCfg = Release|Any CPU
		{26E80F33-67D7-4F29-87E4-DFA45FBCF6B3}.Release|x86.Build.0 = Release|Any CPU
		{1E8E714F-99B4-40F5-BFB1-241A9FA343F6}.Debug|Any CPU.ActiveCfg = Debug|Any CPU
		{1E8E714F-99B4-40F5-BFB1-241A9FA343F6}.Debug|Any CPU.Build.0 = Debug|Any CPU
		{1E8E714F-99B4-40F5-BFB1-241A9FA343F6}.Debug|ARM.ActiveCfg = Debug|Any CPU
		{1E8E714F-99B4-40F5-BFB1-241A9FA343F6}.Debug|ARM.Build.0 = Debug|Any CPU
		{1E8E714F-99B4-40F5-BFB1-241A9FA343F6}.Debug|ARM64.ActiveCfg = Debug|Any CPU
		{1E8E714F-99B4-40F5-BFB1-241A9FA343F6}.Debug|ARM64.Build.0 = Debug|Any CPU
		{1E8E714F-99B4-40F5-BFB1-241A9FA343F6}.Debug|x64.ActiveCfg = Debug|Any CPU
		{1E8E714F-99B4-40F5-BFB1-241A9FA343F6}.Debug|x64.Build.0 = Debug|Any CPU
		{1E8E714F-99B4-40F5-BFB1-241A9FA343F6}.Debug|x86.ActiveCfg = Debug|Any CPU
		{1E8E714F-99B4-40F5-BFB1-241A9FA343F6}.Debug|x86.Build.0 = Debug|Any CPU
		{1E8E714F-99B4-40F5-BFB1-241A9FA343F6}.Release|Any CPU.ActiveCfg = Release|Any CPU
		{1E8E714F-99B4-40F5-BFB1-241A9FA343F6}.Release|Any CPU.Build.0 = Release|Any CPU
		{1E8E714F-99B4-40F5-BFB1-241A9FA343F6}.Release|ARM.ActiveCfg = Release|Any CPU
		{1E8E714F-99B4-40F5-BFB1-241A9FA343F6}.Release|ARM.Build.0 = Release|Any CPU
		{1E8E714F-99B4-40F5-BFB1-241A9FA343F6}.Release|ARM64.ActiveCfg = Release|Any CPU
		{1E8E714F-99B4-40F5-BFB1-241A9FA343F6}.Release|ARM64.Build.0 = Release|Any CPU
		{1E8E714F-99B4-40F5-BFB1-241A9FA343F6}.Release|x64.ActiveCfg = Release|Any CPU
		{1E8E714F-99B4-40F5-BFB1-241A9FA343F6}.Release|x64.Build.0 = Release|Any CPU
		{1E8E714F-99B4-40F5-BFB1-241A9FA343F6}.Release|x86.ActiveCfg = Release|Any CPU
		{1E8E714F-99B4-40F5-BFB1-241A9FA343F6}.Release|x86.Build.0 = Release|Any CPU
		{ADB64CA1-52F9-47B9-AC03-975D2C9E4022}.Debug|Any CPU.ActiveCfg = Debug|Any CPU
		{ADB64CA1-52F9-47B9-AC03-975D2C9E4022}.Debug|Any CPU.Build.0 = Debug|Any CPU
		{ADB64CA1-52F9-47B9-AC03-975D2C9E4022}.Debug|ARM.ActiveCfg = Debug|Any CPU
		{ADB64CA1-52F9-47B9-AC03-975D2C9E4022}.Debug|ARM.Build.0 = Debug|Any CPU
		{ADB64CA1-52F9-47B9-AC03-975D2C9E4022}.Debug|ARM64.ActiveCfg = Debug|Any CPU
		{ADB64CA1-52F9-47B9-AC03-975D2C9E4022}.Debug|ARM64.Build.0 = Debug|Any CPU
		{ADB64CA1-52F9-47B9-AC03-975D2C9E4022}.Debug|x64.ActiveCfg = Debug|Any CPU
		{ADB64CA1-52F9-47B9-AC03-975D2C9E4022}.Debug|x64.Build.0 = Debug|Any CPU
		{ADB64CA1-52F9-47B9-AC03-975D2C9E4022}.Debug|x86.ActiveCfg = Debug|Any CPU
		{ADB64CA1-52F9-47B9-AC03-975D2C9E4022}.Debug|x86.Build.0 = Debug|Any CPU
		{ADB64CA1-52F9-47B9-AC03-975D2C9E4022}.Release|Any CPU.ActiveCfg = Release|Any CPU
		{ADB64CA1-52F9-47B9-AC03-975D2C9E4022}.Release|Any CPU.Build.0 = Release|Any CPU
		{ADB64CA1-52F9-47B9-AC03-975D2C9E4022}.Release|ARM.ActiveCfg = Release|Any CPU
		{ADB64CA1-52F9-47B9-AC03-975D2C9E4022}.Release|ARM.Build.0 = Release|Any CPU
		{ADB64CA1-52F9-47B9-AC03-975D2C9E4022}.Release|ARM64.ActiveCfg = Release|Any CPU
		{ADB64CA1-52F9-47B9-AC03-975D2C9E4022}.Release|ARM64.Build.0 = Release|Any CPU
		{ADB64CA1-52F9-47B9-AC03-975D2C9E4022}.Release|x64.ActiveCfg = Release|Any CPU
		{ADB64CA1-52F9-47B9-AC03-975D2C9E4022}.Release|x64.Build.0 = Release|Any CPU
		{ADB64CA1-52F9-47B9-AC03-975D2C9E4022}.Release|x86.ActiveCfg = Release|Any CPU
		{ADB64CA1-52F9-47B9-AC03-975D2C9E4022}.Release|x86.Build.0 = Release|Any CPU
		{89BFF856-E543-4EB5-B443-78B30D818D57}.Debug|Any CPU.ActiveCfg = Debug|Any CPU
		{89BFF856-E543-4EB5-B443-78B30D818D57}.Debug|Any CPU.Build.0 = Debug|Any CPU
		{89BFF856-E543-4EB5-B443-78B30D818D57}.Debug|ARM.ActiveCfg = Debug|Any CPU
		{89BFF856-E543-4EB5-B443-78B30D818D57}.Debug|ARM.Build.0 = Debug|Any CPU
		{89BFF856-E543-4EB5-B443-78B30D818D57}.Debug|ARM64.ActiveCfg = Debug|Any CPU
		{89BFF856-E543-4EB5-B443-78B30D818D57}.Debug|ARM64.Build.0 = Debug|Any CPU
		{89BFF856-E543-4EB5-B443-78B30D818D57}.Debug|x64.ActiveCfg = Debug|Any CPU
		{89BFF856-E543-4EB5-B443-78B30D818D57}.Debug|x64.Build.0 = Debug|Any CPU
		{89BFF856-E543-4EB5-B443-78B30D818D57}.Debug|x86.ActiveCfg = Debug|Any CPU
		{89BFF856-E543-4EB5-B443-78B30D818D57}.Debug|x86.Build.0 = Debug|Any CPU
		{89BFF856-E543-4EB5-B443-78B30D818D57}.Release|Any CPU.ActiveCfg = Release|Any CPU
		{89BFF856-E543-4EB5-B443-78B30D818D57}.Release|Any CPU.Build.0 = Release|Any CPU
		{89BFF856-E543-4EB5-B443-78B30D818D57}.Release|ARM.ActiveCfg = Release|Any CPU
		{89BFF856-E543-4EB5-B443-78B30D818D57}.Release|ARM.Build.0 = Release|Any CPU
		{89BFF856-E543-4EB5-B443-78B30D818D57}.Release|ARM64.ActiveCfg = Release|Any CPU
		{89BFF856-E543-4EB5-B443-78B30D818D57}.Release|ARM64.Build.0 = Release|Any CPU
		{89BFF856-E543-4EB5-B443-78B30D818D57}.Release|x64.ActiveCfg = Release|Any CPU
		{89BFF856-E543-4EB5-B443-78B30D818D57}.Release|x64.Build.0 = Release|Any CPU
		{89BFF856-E543-4EB5-B443-78B30D818D57}.Release|x86.ActiveCfg = Release|Any CPU
		{89BFF856-E543-4EB5-B443-78B30D818D57}.Release|x86.Build.0 = Release|Any CPU
		{4D578475-512F-43C5-9AF4-F8A8578732CE}.Debug|Any CPU.ActiveCfg = Debug|Any CPU
		{4D578475-512F-43C5-9AF4-F8A8578732CE}.Debug|Any CPU.Build.0 = Debug|Any CPU
		{4D578475-512F-43C5-9AF4-F8A8578732CE}.Debug|ARM.ActiveCfg = Debug|Any CPU
		{4D578475-512F-43C5-9AF4-F8A8578732CE}.Debug|ARM.Build.0 = Debug|Any CPU
		{4D578475-512F-43C5-9AF4-F8A8578732CE}.Debug|ARM64.ActiveCfg = Debug|Any CPU
		{4D578475-512F-43C5-9AF4-F8A8578732CE}.Debug|ARM64.Build.0 = Debug|Any CPU
		{4D578475-512F-43C5-9AF4-F8A8578732CE}.Debug|x64.ActiveCfg = Debug|Any CPU
		{4D578475-512F-43C5-9AF4-F8A8578732CE}.Debug|x64.Build.0 = Debug|Any CPU
		{4D578475-512F-43C5-9AF4-F8A8578732CE}.Debug|x86.ActiveCfg = Debug|Any CPU
		{4D578475-512F-43C5-9AF4-F8A8578732CE}.Debug|x86.Build.0 = Debug|Any CPU
		{4D578475-512F-43C5-9AF4-F8A8578732CE}.Release|Any CPU.ActiveCfg = Release|Any CPU
		{4D578475-512F-43C5-9AF4-F8A8578732CE}.Release|Any CPU.Build.0 = Release|Any CPU
		{4D578475-512F-43C5-9AF4-F8A8578732CE}.Release|ARM.ActiveCfg = Release|Any CPU
		{4D578475-512F-43C5-9AF4-F8A8578732CE}.Release|ARM.Build.0 = Release|Any CPU
		{4D578475-512F-43C5-9AF4-F8A8578732CE}.Release|ARM64.ActiveCfg = Release|Any CPU
		{4D578475-512F-43C5-9AF4-F8A8578732CE}.Release|ARM64.Build.0 = Release|Any CPU
		{4D578475-512F-43C5-9AF4-F8A8578732CE}.Release|x64.ActiveCfg = Release|Any CPU
		{4D578475-512F-43C5-9AF4-F8A8578732CE}.Release|x64.Build.0 = Release|Any CPU
		{4D578475-512F-43C5-9AF4-F8A8578732CE}.Release|x86.ActiveCfg = Release|Any CPU
		{4D578475-512F-43C5-9AF4-F8A8578732CE}.Release|x86.Build.0 = Release|Any CPU
		{61F454B7-9F32-4CBA-8FE5-02B44D5CF25C}.Debug|Any CPU.ActiveCfg = Debug|Any CPU
		{61F454B7-9F32-4CBA-8FE5-02B44D5CF25C}.Debug|Any CPU.Build.0 = Debug|Any CPU
		{61F454B7-9F32-4CBA-8FE5-02B44D5CF25C}.Debug|ARM.ActiveCfg = Debug|Any CPU
		{61F454B7-9F32-4CBA-8FE5-02B44D5CF25C}.Debug|ARM.Build.0 = Debug|Any CPU
		{61F454B7-9F32-4CBA-8FE5-02B44D5CF25C}.Debug|ARM64.ActiveCfg = Debug|Any CPU
		{61F454B7-9F32-4CBA-8FE5-02B44D5CF25C}.Debug|ARM64.Build.0 = Debug|Any CPU
		{61F454B7-9F32-4CBA-8FE5-02B44D5CF25C}.Debug|x64.ActiveCfg = Debug|Any CPU
		{61F454B7-9F32-4CBA-8FE5-02B44D5CF25C}.Debug|x64.Build.0 = Debug|Any CPU
		{61F454B7-9F32-4CBA-8FE5-02B44D5CF25C}.Debug|x86.ActiveCfg = Debug|Any CPU
		{61F454B7-9F32-4CBA-8FE5-02B44D5CF25C}.Debug|x86.Build.0 = Debug|Any CPU
		{61F454B7-9F32-4CBA-8FE5-02B44D5CF25C}.Release|Any CPU.ActiveCfg = Release|Any CPU
		{61F454B7-9F32-4CBA-8FE5-02B44D5CF25C}.Release|Any CPU.Build.0 = Release|Any CPU
		{61F454B7-9F32-4CBA-8FE5-02B44D5CF25C}.Release|ARM.ActiveCfg = Release|Any CPU
		{61F454B7-9F32-4CBA-8FE5-02B44D5CF25C}.Release|ARM.Build.0 = Release|Any CPU
		{61F454B7-9F32-4CBA-8FE5-02B44D5CF25C}.Release|ARM64.ActiveCfg = Release|Any CPU
		{61F454B7-9F32-4CBA-8FE5-02B44D5CF25C}.Release|ARM64.Build.0 = Release|Any CPU
		{61F454B7-9F32-4CBA-8FE5-02B44D5CF25C}.Release|x64.ActiveCfg = Release|Any CPU
		{61F454B7-9F32-4CBA-8FE5-02B44D5CF25C}.Release|x64.Build.0 = Release|Any CPU
		{61F454B7-9F32-4CBA-8FE5-02B44D5CF25C}.Release|x86.ActiveCfg = Release|Any CPU
		{61F454B7-9F32-4CBA-8FE5-02B44D5CF25C}.Release|x86.Build.0 = Release|Any CPU
		{1E02BE6D-9F98-4343-930C-588CCB9A1296}.Debug|Any CPU.ActiveCfg = Debug|Any CPU
		{1E02BE6D-9F98-4343-930C-588CCB9A1296}.Debug|Any CPU.Build.0 = Debug|Any CPU
		{1E02BE6D-9F98-4343-930C-588CCB9A1296}.Debug|ARM.ActiveCfg = Debug|Any CPU
		{1E02BE6D-9F98-4343-930C-588CCB9A1296}.Debug|ARM.Build.0 = Debug|Any CPU
		{1E02BE6D-9F98-4343-930C-588CCB9A1296}.Debug|ARM64.ActiveCfg = Debug|Any CPU
		{1E02BE6D-9F98-4343-930C-588CCB9A1296}.Debug|ARM64.Build.0 = Debug|Any CPU
		{1E02BE6D-9F98-4343-930C-588CCB9A1296}.Debug|x64.ActiveCfg = Debug|Any CPU
		{1E02BE6D-9F98-4343-930C-588CCB9A1296}.Debug|x64.Build.0 = Debug|Any CPU
		{1E02BE6D-9F98-4343-930C-588CCB9A1296}.Debug|x86.ActiveCfg = Debug|Any CPU
		{1E02BE6D-9F98-4343-930C-588CCB9A1296}.Debug|x86.Build.0 = Debug|Any CPU
		{1E02BE6D-9F98-4343-930C-588CCB9A1296}.Release|Any CPU.ActiveCfg = Release|Any CPU
		{1E02BE6D-9F98-4343-930C-588CCB9A1296}.Release|Any CPU.Build.0 = Release|Any CPU
		{1E02BE6D-9F98-4343-930C-588CCB9A1296}.Release|ARM.ActiveCfg = Release|Any CPU
		{1E02BE6D-9F98-4343-930C-588CCB9A1296}.Release|ARM.Build.0 = Release|Any CPU
		{1E02BE6D-9F98-4343-930C-588CCB9A1296}.Release|ARM64.ActiveCfg = Release|Any CPU
		{1E02BE6D-9F98-4343-930C-588CCB9A1296}.Release|ARM64.Build.0 = Release|Any CPU
		{1E02BE6D-9F98-4343-930C-588CCB9A1296}.Release|x64.ActiveCfg = Release|Any CPU
		{1E02BE6D-9F98-4343-930C-588CCB9A1296}.Release|x64.Build.0 = Release|Any CPU
		{1E02BE6D-9F98-4343-930C-588CCB9A1296}.Release|x86.ActiveCfg = Release|Any CPU
		{1E02BE6D-9F98-4343-930C-588CCB9A1296}.Release|x86.Build.0 = Release|Any CPU
		{3D4F7533-B6B3-4F96-8794-F80A96EAB34E}.Debug|Any CPU.ActiveCfg = Debug|Any CPU
		{3D4F7533-B6B3-4F96-8794-F80A96EAB34E}.Debug|Any CPU.Build.0 = Debug|Any CPU
		{3D4F7533-B6B3-4F96-8794-F80A96EAB34E}.Debug|ARM.ActiveCfg = Debug|Any CPU
		{3D4F7533-B6B3-4F96-8794-F80A96EAB34E}.Debug|ARM.Build.0 = Debug|Any CPU
		{3D4F7533-B6B3-4F96-8794-F80A96EAB34E}.Debug|ARM64.ActiveCfg = Debug|Any CPU
		{3D4F7533-B6B3-4F96-8794-F80A96EAB34E}.Debug|ARM64.Build.0 = Debug|Any CPU
		{3D4F7533-B6B3-4F96-8794-F80A96EAB34E}.Debug|x64.ActiveCfg = Debug|Any CPU
		{3D4F7533-B6B3-4F96-8794-F80A96EAB34E}.Debug|x64.Build.0 = Debug|Any CPU
		{3D4F7533-B6B3-4F96-8794-F80A96EAB34E}.Debug|x86.ActiveCfg = Debug|Any CPU
		{3D4F7533-B6B3-4F96-8794-F80A96EAB34E}.Debug|x86.Build.0 = Debug|Any CPU
		{3D4F7533-B6B3-4F96-8794-F80A96EAB34E}.Release|Any CPU.ActiveCfg = Release|Any CPU
		{3D4F7533-B6B3-4F96-8794-F80A96EAB34E}.Release|Any CPU.Build.0 = Release|Any CPU
		{3D4F7533-B6B3-4F96-8794-F80A96EAB34E}.Release|ARM.ActiveCfg = Release|Any CPU
		{3D4F7533-B6B3-4F96-8794-F80A96EAB34E}.Release|ARM.Build.0 = Release|Any CPU
		{3D4F7533-B6B3-4F96-8794-F80A96EAB34E}.Release|ARM64.ActiveCfg = Release|Any CPU
		{3D4F7533-B6B3-4F96-8794-F80A96EAB34E}.Release|ARM64.Build.0 = Release|Any CPU
		{3D4F7533-B6B3-4F96-8794-F80A96EAB34E}.Release|x64.ActiveCfg = Release|Any CPU
		{3D4F7533-B6B3-4F96-8794-F80A96EAB34E}.Release|x64.Build.0 = Release|Any CPU
		{3D4F7533-B6B3-4F96-8794-F80A96EAB34E}.Release|x86.ActiveCfg = Release|Any CPU
		{3D4F7533-B6B3-4F96-8794-F80A96EAB34E}.Release|x86.Build.0 = Release|Any CPU
		{CC35BEDB-96DB-452C-BDDB-3D90169F8313}.Debug|Any CPU.ActiveCfg = Debug|Any CPU
		{CC35BEDB-96DB-452C-BDDB-3D90169F8313}.Debug|Any CPU.Build.0 = Debug|Any CPU
		{CC35BEDB-96DB-452C-BDDB-3D90169F8313}.Debug|ARM.ActiveCfg = Debug|Any CPU
		{CC35BEDB-96DB-452C-BDDB-3D90169F8313}.Debug|ARM.Build.0 = Debug|Any CPU
		{CC35BEDB-96DB-452C-BDDB-3D90169F8313}.Debug|ARM64.ActiveCfg = Debug|Any CPU
		{CC35BEDB-96DB-452C-BDDB-3D90169F8313}.Debug|ARM64.Build.0 = Debug|Any CPU
		{CC35BEDB-96DB-452C-BDDB-3D90169F8313}.Debug|x64.ActiveCfg = Debug|Any CPU
		{CC35BEDB-96DB-452C-BDDB-3D90169F8313}.Debug|x64.Build.0 = Debug|Any CPU
		{CC35BEDB-96DB-452C-BDDB-3D90169F8313}.Debug|x86.ActiveCfg = Debug|Any CPU
		{CC35BEDB-96DB-452C-BDDB-3D90169F8313}.Debug|x86.Build.0 = Debug|Any CPU
		{CC35BEDB-96DB-452C-BDDB-3D90169F8313}.Release|Any CPU.ActiveCfg = Release|Any CPU
		{CC35BEDB-96DB-452C-BDDB-3D90169F8313}.Release|Any CPU.Build.0 = Release|Any CPU
		{CC35BEDB-96DB-452C-BDDB-3D90169F8313}.Release|ARM.ActiveCfg = Release|Any CPU
		{CC35BEDB-96DB-452C-BDDB-3D90169F8313}.Release|ARM.Build.0 = Release|Any CPU
		{CC35BEDB-96DB-452C-BDDB-3D90169F8313}.Release|ARM64.ActiveCfg = Release|Any CPU
		{CC35BEDB-96DB-452C-BDDB-3D90169F8313}.Release|ARM64.Build.0 = Release|Any CPU
		{CC35BEDB-96DB-452C-BDDB-3D90169F8313}.Release|x64.ActiveCfg = Release|Any CPU
		{CC35BEDB-96DB-452C-BDDB-3D90169F8313}.Release|x64.Build.0 = Release|Any CPU
		{CC35BEDB-96DB-452C-BDDB-3D90169F8313}.Release|x86.ActiveCfg = Release|Any CPU
		{CC35BEDB-96DB-452C-BDDB-3D90169F8313}.Release|x86.Build.0 = Release|Any CPU
		{27684F10-FC43-4868-80B3-9D1840E4CF54}.Debug|Any CPU.ActiveCfg = Debug|Any CPU
		{27684F10-FC43-4868-80B3-9D1840E4CF54}.Debug|Any CPU.Build.0 = Debug|Any CPU
		{27684F10-FC43-4868-80B3-9D1840E4CF54}.Debug|ARM.ActiveCfg = Debug|Any CPU
		{27684F10-FC43-4868-80B3-9D1840E4CF54}.Debug|ARM.Build.0 = Debug|Any CPU
		{27684F10-FC43-4868-80B3-9D1840E4CF54}.Debug|ARM64.ActiveCfg = Debug|Any CPU
		{27684F10-FC43-4868-80B3-9D1840E4CF54}.Debug|ARM64.Build.0 = Debug|Any CPU
		{27684F10-FC43-4868-80B3-9D1840E4CF54}.Debug|x64.ActiveCfg = Debug|Any CPU
		{27684F10-FC43-4868-80B3-9D1840E4CF54}.Debug|x64.Build.0 = Debug|Any CPU
		{27684F10-FC43-4868-80B3-9D1840E4CF54}.Debug|x86.ActiveCfg = Debug|Any CPU
		{27684F10-FC43-4868-80B3-9D1840E4CF54}.Debug|x86.Build.0 = Debug|Any CPU
		{27684F10-FC43-4868-80B3-9D1840E4CF54}.Release|Any CPU.ActiveCfg = Release|Any CPU
		{27684F10-FC43-4868-80B3-9D1840E4CF54}.Release|Any CPU.Build.0 = Release|Any CPU
		{27684F10-FC43-4868-80B3-9D1840E4CF54}.Release|ARM.ActiveCfg = Release|Any CPU
		{27684F10-FC43-4868-80B3-9D1840E4CF54}.Release|ARM.Build.0 = Release|Any CPU
		{27684F10-FC43-4868-80B3-9D1840E4CF54}.Release|ARM64.ActiveCfg = Release|Any CPU
		{27684F10-FC43-4868-80B3-9D1840E4CF54}.Release|ARM64.Build.0 = Release|Any CPU
		{27684F10-FC43-4868-80B3-9D1840E4CF54}.Release|x64.ActiveCfg = Release|Any CPU
		{27684F10-FC43-4868-80B3-9D1840E4CF54}.Release|x64.Build.0 = Release|Any CPU
		{27684F10-FC43-4868-80B3-9D1840E4CF54}.Release|x86.ActiveCfg = Release|Any CPU
		{27684F10-FC43-4868-80B3-9D1840E4CF54}.Release|x86.Build.0 = Release|Any CPU
		{3562249C-10F4-42C8-BD49-CCF26C51ED8C}.Debug|Any CPU.ActiveCfg = Debug|Any CPU
		{3562249C-10F4-42C8-BD49-CCF26C51ED8C}.Debug|Any CPU.Build.0 = Debug|Any CPU
		{3562249C-10F4-42C8-BD49-CCF26C51ED8C}.Debug|ARM.ActiveCfg = Debug|Any CPU
		{3562249C-10F4-42C8-BD49-CCF26C51ED8C}.Debug|ARM.Build.0 = Debug|Any CPU
		{3562249C-10F4-42C8-BD49-CCF26C51ED8C}.Debug|ARM64.ActiveCfg = Debug|Any CPU
		{3562249C-10F4-42C8-BD49-CCF26C51ED8C}.Debug|ARM64.Build.0 = Debug|Any CPU
		{3562249C-10F4-42C8-BD49-CCF26C51ED8C}.Debug|x64.ActiveCfg = Debug|Any CPU
		{3562249C-10F4-42C8-BD49-CCF26C51ED8C}.Debug|x64.Build.0 = Debug|Any CPU
		{3562249C-10F4-42C8-BD49-CCF26C51ED8C}.Debug|x86.ActiveCfg = Debug|Any CPU
		{3562249C-10F4-42C8-BD49-CCF26C51ED8C}.Debug|x86.Build.0 = Debug|Any CPU
		{3562249C-10F4-42C8-BD49-CCF26C51ED8C}.Release|Any CPU.ActiveCfg = Release|Any CPU
		{3562249C-10F4-42C8-BD49-CCF26C51ED8C}.Release|Any CPU.Build.0 = Release|Any CPU
		{3562249C-10F4-42C8-BD49-CCF26C51ED8C}.Release|ARM.ActiveCfg = Release|Any CPU
		{3562249C-10F4-42C8-BD49-CCF26C51ED8C}.Release|ARM.Build.0 = Release|Any CPU
		{3562249C-10F4-42C8-BD49-CCF26C51ED8C}.Release|ARM64.ActiveCfg = Release|Any CPU
		{3562249C-10F4-42C8-BD49-CCF26C51ED8C}.Release|ARM64.Build.0 = Release|Any CPU
		{3562249C-10F4-42C8-BD49-CCF26C51ED8C}.Release|x64.ActiveCfg = Release|Any CPU
		{3562249C-10F4-42C8-BD49-CCF26C51ED8C}.Release|x64.Build.0 = Release|Any CPU
		{3562249C-10F4-42C8-BD49-CCF26C51ED8C}.Release|x86.ActiveCfg = Release|Any CPU
		{3562249C-10F4-42C8-BD49-CCF26C51ED8C}.Release|x86.Build.0 = Release|Any CPU
		{2EBBA423-F963-4CF4-9355-A5B2CE7C699A}.Debug|Any CPU.ActiveCfg = Debug|Any CPU
		{2EBBA423-F963-4CF4-9355-A5B2CE7C699A}.Debug|Any CPU.Build.0 = Debug|Any CPU
		{2EBBA423-F963-4CF4-9355-A5B2CE7C699A}.Debug|ARM.ActiveCfg = Debug|Any CPU
		{2EBBA423-F963-4CF4-9355-A5B2CE7C699A}.Debug|ARM.Build.0 = Debug|Any CPU
		{2EBBA423-F963-4CF4-9355-A5B2CE7C699A}.Debug|ARM64.ActiveCfg = Debug|Any CPU
		{2EBBA423-F963-4CF4-9355-A5B2CE7C699A}.Debug|ARM64.Build.0 = Debug|Any CPU
		{2EBBA423-F963-4CF4-9355-A5B2CE7C699A}.Debug|x64.ActiveCfg = Debug|Any CPU
		{2EBBA423-F963-4CF4-9355-A5B2CE7C699A}.Debug|x64.Build.0 = Debug|Any CPU
		{2EBBA423-F963-4CF4-9355-A5B2CE7C699A}.Debug|x86.ActiveCfg = Debug|Any CPU
		{2EBBA423-F963-4CF4-9355-A5B2CE7C699A}.Debug|x86.Build.0 = Debug|Any CPU
		{2EBBA423-F963-4CF4-9355-A5B2CE7C699A}.Release|Any CPU.ActiveCfg = Release|Any CPU
		{2EBBA423-F963-4CF4-9355-A5B2CE7C699A}.Release|Any CPU.Build.0 = Release|Any CPU
		{2EBBA423-F963-4CF4-9355-A5B2CE7C699A}.Release|ARM.ActiveCfg = Release|Any CPU
		{2EBBA423-F963-4CF4-9355-A5B2CE7C699A}.Release|ARM.Build.0 = Release|Any CPU
		{2EBBA423-F963-4CF4-9355-A5B2CE7C699A}.Release|ARM64.ActiveCfg = Release|Any CPU
		{2EBBA423-F963-4CF4-9355-A5B2CE7C699A}.Release|ARM64.Build.0 = Release|Any CPU
		{2EBBA423-F963-4CF4-9355-A5B2CE7C699A}.Release|x64.ActiveCfg = Release|Any CPU
		{2EBBA423-F963-4CF4-9355-A5B2CE7C699A}.Release|x64.Build.0 = Release|Any CPU
		{2EBBA423-F963-4CF4-9355-A5B2CE7C699A}.Release|x86.ActiveCfg = Release|Any CPU
		{2EBBA423-F963-4CF4-9355-A5B2CE7C699A}.Release|x86.Build.0 = Release|Any CPU
		{F01E685B-AC00-44ED-AF05-D96633B1E31A}.Debug|Any CPU.ActiveCfg = Debug|Any CPU
		{F01E685B-AC00-44ED-AF05-D96633B1E31A}.Debug|Any CPU.Build.0 = Debug|Any CPU
		{F01E685B-AC00-44ED-AF05-D96633B1E31A}.Debug|ARM.ActiveCfg = Debug|Any CPU
		{F01E685B-AC00-44ED-AF05-D96633B1E31A}.Debug|ARM.Build.0 = Debug|Any CPU
		{F01E685B-AC00-44ED-AF05-D96633B1E31A}.Debug|ARM64.ActiveCfg = Debug|Any CPU
		{F01E685B-AC00-44ED-AF05-D96633B1E31A}.Debug|ARM64.Build.0 = Debug|Any CPU
		{F01E685B-AC00-44ED-AF05-D96633B1E31A}.Debug|x64.ActiveCfg = Debug|Any CPU
		{F01E685B-AC00-44ED-AF05-D96633B1E31A}.Debug|x64.Build.0 = Debug|Any CPU
		{F01E685B-AC00-44ED-AF05-D96633B1E31A}.Debug|x86.ActiveCfg = Debug|Any CPU
		{F01E685B-AC00-44ED-AF05-D96633B1E31A}.Debug|x86.Build.0 = Debug|Any CPU
		{F01E685B-AC00-44ED-AF05-D96633B1E31A}.Release|Any CPU.ActiveCfg = Release|Any CPU
		{F01E685B-AC00-44ED-AF05-D96633B1E31A}.Release|Any CPU.Build.0 = Release|Any CPU
		{F01E685B-AC00-44ED-AF05-D96633B1E31A}.Release|ARM.ActiveCfg = Release|Any CPU
		{F01E685B-AC00-44ED-AF05-D96633B1E31A}.Release|ARM.Build.0 = Release|Any CPU
		{F01E685B-AC00-44ED-AF05-D96633B1E31A}.Release|ARM64.ActiveCfg = Release|Any CPU
		{F01E685B-AC00-44ED-AF05-D96633B1E31A}.Release|ARM64.Build.0 = Release|Any CPU
		{F01E685B-AC00-44ED-AF05-D96633B1E31A}.Release|x64.ActiveCfg = Release|Any CPU
		{F01E685B-AC00-44ED-AF05-D96633B1E31A}.Release|x64.Build.0 = Release|Any CPU
		{F01E685B-AC00-44ED-AF05-D96633B1E31A}.Release|x86.ActiveCfg = Release|Any CPU
		{F01E685B-AC00-44ED-AF05-D96633B1E31A}.Release|x86.Build.0 = Release|Any CPU
		{20C76953-78BF-493C-BF15-AB67DC620D82}.Debug|Any CPU.ActiveCfg = Debug|Any CPU
		{20C76953-78BF-493C-BF15-AB67DC620D82}.Debug|Any CPU.Build.0 = Debug|Any CPU
		{20C76953-78BF-493C-BF15-AB67DC620D82}.Debug|ARM.ActiveCfg = Debug|Any CPU
		{20C76953-78BF-493C-BF15-AB67DC620D82}.Debug|ARM.Build.0 = Debug|Any CPU
		{20C76953-78BF-493C-BF15-AB67DC620D82}.Debug|ARM64.ActiveCfg = Debug|Any CPU
		{20C76953-78BF-493C-BF15-AB67DC620D82}.Debug|ARM64.Build.0 = Debug|Any CPU
		{20C76953-78BF-493C-BF15-AB67DC620D82}.Debug|x64.ActiveCfg = Debug|Any CPU
		{20C76953-78BF-493C-BF15-AB67DC620D82}.Debug|x64.Build.0 = Debug|Any CPU
		{20C76953-78BF-493C-BF15-AB67DC620D82}.Debug|x86.ActiveCfg = Debug|Any CPU
		{20C76953-78BF-493C-BF15-AB67DC620D82}.Debug|x86.Build.0 = Debug|Any CPU
		{20C76953-78BF-493C-BF15-AB67DC620D82}.Release|Any CPU.ActiveCfg = Release|Any CPU
		{20C76953-78BF-493C-BF15-AB67DC620D82}.Release|Any CPU.Build.0 = Release|Any CPU
		{20C76953-78BF-493C-BF15-AB67DC620D82}.Release|ARM.ActiveCfg = Release|Any CPU
		{20C76953-78BF-493C-BF15-AB67DC620D82}.Release|ARM.Build.0 = Release|Any CPU
		{20C76953-78BF-493C-BF15-AB67DC620D82}.Release|ARM64.ActiveCfg = Release|Any CPU
		{20C76953-78BF-493C-BF15-AB67DC620D82}.Release|ARM64.Build.0 = Release|Any CPU
		{20C76953-78BF-493C-BF15-AB67DC620D82}.Release|x64.ActiveCfg = Release|Any CPU
		{20C76953-78BF-493C-BF15-AB67DC620D82}.Release|x64.Build.0 = Release|Any CPU
		{20C76953-78BF-493C-BF15-AB67DC620D82}.Release|x86.ActiveCfg = Release|Any CPU
		{20C76953-78BF-493C-BF15-AB67DC620D82}.Release|x86.Build.0 = Release|Any CPU
		{743EA3B7-51AE-4055-AA6B-A0232142F0C6}.Debug|Any CPU.ActiveCfg = Debug|Any CPU
		{743EA3B7-51AE-4055-AA6B-A0232142F0C6}.Debug|Any CPU.Build.0 = Debug|Any CPU
		{743EA3B7-51AE-4055-AA6B-A0232142F0C6}.Debug|ARM.ActiveCfg = Debug|Any CPU
		{743EA3B7-51AE-4055-AA6B-A0232142F0C6}.Debug|ARM.Build.0 = Debug|Any CPU
		{743EA3B7-51AE-4055-AA6B-A0232142F0C6}.Debug|ARM64.ActiveCfg = Debug|Any CPU
		{743EA3B7-51AE-4055-AA6B-A0232142F0C6}.Debug|ARM64.Build.0 = Debug|Any CPU
		{743EA3B7-51AE-4055-AA6B-A0232142F0C6}.Debug|x64.ActiveCfg = Debug|Any CPU
		{743EA3B7-51AE-4055-AA6B-A0232142F0C6}.Debug|x64.Build.0 = Debug|Any CPU
		{743EA3B7-51AE-4055-AA6B-A0232142F0C6}.Debug|x86.ActiveCfg = Debug|Any CPU
		{743EA3B7-51AE-4055-AA6B-A0232142F0C6}.Debug|x86.Build.0 = Debug|Any CPU
		{743EA3B7-51AE-4055-AA6B-A0232142F0C6}.Release|Any CPU.ActiveCfg = Release|Any CPU
		{743EA3B7-51AE-4055-AA6B-A0232142F0C6}.Release|Any CPU.Build.0 = Release|Any CPU
		{743EA3B7-51AE-4055-AA6B-A0232142F0C6}.Release|ARM.ActiveCfg = Release|Any CPU
		{743EA3B7-51AE-4055-AA6B-A0232142F0C6}.Release|ARM.Build.0 = Release|Any CPU
		{743EA3B7-51AE-4055-AA6B-A0232142F0C6}.Release|ARM64.ActiveCfg = Release|Any CPU
		{743EA3B7-51AE-4055-AA6B-A0232142F0C6}.Release|ARM64.Build.0 = Release|Any CPU
		{743EA3B7-51AE-4055-AA6B-A0232142F0C6}.Release|x64.ActiveCfg = Release|Any CPU
		{743EA3B7-51AE-4055-AA6B-A0232142F0C6}.Release|x64.Build.0 = Release|Any CPU
		{743EA3B7-51AE-4055-AA6B-A0232142F0C6}.Release|x86.ActiveCfg = Release|Any CPU
		{743EA3B7-51AE-4055-AA6B-A0232142F0C6}.Release|x86.Build.0 = Release|Any CPU
		{7958C69B-C7A0-4CC4-8340-5C375E7AA722}.Debug|Any CPU.ActiveCfg = Debug|Any CPU
		{7958C69B-C7A0-4CC4-8340-5C375E7AA722}.Debug|Any CPU.Build.0 = Debug|Any CPU
		{7958C69B-C7A0-4CC4-8340-5C375E7AA722}.Debug|ARM.ActiveCfg = Debug|Any CPU
		{7958C69B-C7A0-4CC4-8340-5C375E7AA722}.Debug|ARM.Build.0 = Debug|Any CPU
		{7958C69B-C7A0-4CC4-8340-5C375E7AA722}.Debug|ARM64.ActiveCfg = Debug|Any CPU
		{7958C69B-C7A0-4CC4-8340-5C375E7AA722}.Debug|ARM64.Build.0 = Debug|Any CPU
		{7958C69B-C7A0-4CC4-8340-5C375E7AA722}.Debug|x64.ActiveCfg = Debug|Any CPU
		{7958C69B-C7A0-4CC4-8340-5C375E7AA722}.Debug|x64.Build.0 = Debug|Any CPU
		{7958C69B-C7A0-4CC4-8340-5C375E7AA722}.Debug|x86.ActiveCfg = Debug|Any CPU
		{7958C69B-C7A0-4CC4-8340-5C375E7AA722}.Debug|x86.Build.0 = Debug|Any CPU
		{7958C69B-C7A0-4CC4-8340-5C375E7AA722}.Release|Any CPU.ActiveCfg = Release|Any CPU
		{7958C69B-C7A0-4CC4-8340-5C375E7AA722}.Release|Any CPU.Build.0 = Release|Any CPU
		{7958C69B-C7A0-4CC4-8340-5C375E7AA722}.Release|ARM.ActiveCfg = Release|Any CPU
		{7958C69B-C7A0-4CC4-8340-5C375E7AA722}.Release|ARM.Build.0 = Release|Any CPU
		{7958C69B-C7A0-4CC4-8340-5C375E7AA722}.Release|ARM64.ActiveCfg = Release|Any CPU
		{7958C69B-C7A0-4CC4-8340-5C375E7AA722}.Release|ARM64.Build.0 = Release|Any CPU
		{7958C69B-C7A0-4CC4-8340-5C375E7AA722}.Release|x64.ActiveCfg = Release|Any CPU
		{7958C69B-C7A0-4CC4-8340-5C375E7AA722}.Release|x64.Build.0 = Release|Any CPU
		{7958C69B-C7A0-4CC4-8340-5C375E7AA722}.Release|x86.ActiveCfg = Release|Any CPU
		{7958C69B-C7A0-4CC4-8340-5C375E7AA722}.Release|x86.Build.0 = Release|Any CPU
		{532FD258-141B-4FF9-8846-CD8396728E27}.Debug|Any CPU.ActiveCfg = Debug|Any CPU
		{532FD258-141B-4FF9-8846-CD8396728E27}.Debug|Any CPU.Build.0 = Debug|Any CPU
		{532FD258-141B-4FF9-8846-CD8396728E27}.Debug|ARM.ActiveCfg = Debug|Any CPU
		{532FD258-141B-4FF9-8846-CD8396728E27}.Debug|ARM.Build.0 = Debug|Any CPU
		{532FD258-141B-4FF9-8846-CD8396728E27}.Debug|ARM64.ActiveCfg = Debug|Any CPU
		{532FD258-141B-4FF9-8846-CD8396728E27}.Debug|ARM64.Build.0 = Debug|Any CPU
		{532FD258-141B-4FF9-8846-CD8396728E27}.Debug|x64.ActiveCfg = Debug|Any CPU
		{532FD258-141B-4FF9-8846-CD8396728E27}.Debug|x64.Build.0 = Debug|Any CPU
		{532FD258-141B-4FF9-8846-CD8396728E27}.Debug|x86.ActiveCfg = Debug|Any CPU
		{532FD258-141B-4FF9-8846-CD8396728E27}.Debug|x86.Build.0 = Debug|Any CPU
		{532FD258-141B-4FF9-8846-CD8396728E27}.Release|Any CPU.ActiveCfg = Release|Any CPU
		{532FD258-141B-4FF9-8846-CD8396728E27}.Release|Any CPU.Build.0 = Release|Any CPU
		{532FD258-141B-4FF9-8846-CD8396728E27}.Release|ARM.ActiveCfg = Release|Any CPU
		{532FD258-141B-4FF9-8846-CD8396728E27}.Release|ARM.Build.0 = Release|Any CPU
		{532FD258-141B-4FF9-8846-CD8396728E27}.Release|ARM64.ActiveCfg = Release|Any CPU
		{532FD258-141B-4FF9-8846-CD8396728E27}.Release|ARM64.Build.0 = Release|Any CPU
		{532FD258-141B-4FF9-8846-CD8396728E27}.Release|x64.ActiveCfg = Release|Any CPU
		{532FD258-141B-4FF9-8846-CD8396728E27}.Release|x64.Build.0 = Release|Any CPU
		{532FD258-141B-4FF9-8846-CD8396728E27}.Release|x86.ActiveCfg = Release|Any CPU
		{532FD258-141B-4FF9-8846-CD8396728E27}.Release|x86.Build.0 = Release|Any CPU
		{3B8A071F-EAE4-427F-9CF5-09BFA4F856FE}.Debug|Any CPU.ActiveCfg = Debug|Any CPU
		{3B8A071F-EAE4-427F-9CF5-09BFA4F856FE}.Debug|Any CPU.Build.0 = Debug|Any CPU
		{3B8A071F-EAE4-427F-9CF5-09BFA4F856FE}.Debug|ARM.ActiveCfg = Debug|Any CPU
		{3B8A071F-EAE4-427F-9CF5-09BFA4F856FE}.Debug|ARM.Build.0 = Debug|Any CPU
		{3B8A071F-EAE4-427F-9CF5-09BFA4F856FE}.Debug|ARM64.ActiveCfg = Debug|Any CPU
		{3B8A071F-EAE4-427F-9CF5-09BFA4F856FE}.Debug|ARM64.Build.0 = Debug|Any CPU
		{3B8A071F-EAE4-427F-9CF5-09BFA4F856FE}.Debug|x64.ActiveCfg = Debug|Any CPU
		{3B8A071F-EAE4-427F-9CF5-09BFA4F856FE}.Debug|x64.Build.0 = Debug|Any CPU
		{3B8A071F-EAE4-427F-9CF5-09BFA4F856FE}.Debug|x86.ActiveCfg = Debug|Any CPU
		{3B8A071F-EAE4-427F-9CF5-09BFA4F856FE}.Debug|x86.Build.0 = Debug|Any CPU
		{3B8A071F-EAE4-427F-9CF5-09BFA4F856FE}.Release|Any CPU.ActiveCfg = Release|Any CPU
		{3B8A071F-EAE4-427F-9CF5-09BFA4F856FE}.Release|Any CPU.Build.0 = Release|Any CPU
		{3B8A071F-EAE4-427F-9CF5-09BFA4F856FE}.Release|ARM.ActiveCfg = Release|Any CPU
		{3B8A071F-EAE4-427F-9CF5-09BFA4F856FE}.Release|ARM.Build.0 = Release|Any CPU
		{3B8A071F-EAE4-427F-9CF5-09BFA4F856FE}.Release|ARM64.ActiveCfg = Release|Any CPU
		{3B8A071F-EAE4-427F-9CF5-09BFA4F856FE}.Release|ARM64.Build.0 = Release|Any CPU
		{3B8A071F-EAE4-427F-9CF5-09BFA4F856FE}.Release|x64.ActiveCfg = Release|Any CPU
		{3B8A071F-EAE4-427F-9CF5-09BFA4F856FE}.Release|x64.Build.0 = Release|Any CPU
		{3B8A071F-EAE4-427F-9CF5-09BFA4F856FE}.Release|x86.ActiveCfg = Release|Any CPU
		{3B8A071F-EAE4-427F-9CF5-09BFA4F856FE}.Release|x86.Build.0 = Release|Any CPU
		{23550E77-920B-47A2-AE2C-36204BFA9469}.Debug|Any CPU.ActiveCfg = Debug|Any CPU
		{23550E77-920B-47A2-AE2C-36204BFA9469}.Debug|Any CPU.Build.0 = Debug|Any CPU
		{23550E77-920B-47A2-AE2C-36204BFA9469}.Debug|ARM.ActiveCfg = Debug|Any CPU
		{23550E77-920B-47A2-AE2C-36204BFA9469}.Debug|ARM.Build.0 = Debug|Any CPU
		{23550E77-920B-47A2-AE2C-36204BFA9469}.Debug|ARM64.ActiveCfg = Debug|Any CPU
		{23550E77-920B-47A2-AE2C-36204BFA9469}.Debug|ARM64.Build.0 = Debug|Any CPU
		{23550E77-920B-47A2-AE2C-36204BFA9469}.Debug|x64.ActiveCfg = Debug|Any CPU
		{23550E77-920B-47A2-AE2C-36204BFA9469}.Debug|x64.Build.0 = Debug|Any CPU
		{23550E77-920B-47A2-AE2C-36204BFA9469}.Debug|x86.ActiveCfg = Debug|Any CPU
		{23550E77-920B-47A2-AE2C-36204BFA9469}.Debug|x86.Build.0 = Debug|Any CPU
		{23550E77-920B-47A2-AE2C-36204BFA9469}.Release|Any CPU.ActiveCfg = Release|Any CPU
		{23550E77-920B-47A2-AE2C-36204BFA9469}.Release|Any CPU.Build.0 = Release|Any CPU
		{23550E77-920B-47A2-AE2C-36204BFA9469}.Release|ARM.ActiveCfg = Release|Any CPU
		{23550E77-920B-47A2-AE2C-36204BFA9469}.Release|ARM.Build.0 = Release|Any CPU
		{23550E77-920B-47A2-AE2C-36204BFA9469}.Release|ARM64.ActiveCfg = Release|Any CPU
		{23550E77-920B-47A2-AE2C-36204BFA9469}.Release|ARM64.Build.0 = Release|Any CPU
		{23550E77-920B-47A2-AE2C-36204BFA9469}.Release|x64.ActiveCfg = Release|Any CPU
		{23550E77-920B-47A2-AE2C-36204BFA9469}.Release|x64.Build.0 = Release|Any CPU
		{23550E77-920B-47A2-AE2C-36204BFA9469}.Release|x86.ActiveCfg = Release|Any CPU
		{23550E77-920B-47A2-AE2C-36204BFA9469}.Release|x86.Build.0 = Release|Any CPU
		{339BEC27-FD38-494E-9D96-7A43DE9B36B4}.Debug|Any CPU.ActiveCfg = Debug|Any CPU
		{339BEC27-FD38-494E-9D96-7A43DE9B36B4}.Debug|Any CPU.Build.0 = Debug|Any CPU
		{339BEC27-FD38-494E-9D96-7A43DE9B36B4}.Debug|ARM.ActiveCfg = Debug|Any CPU
		{339BEC27-FD38-494E-9D96-7A43DE9B36B4}.Debug|ARM.Build.0 = Debug|Any CPU
		{339BEC27-FD38-494E-9D96-7A43DE9B36B4}.Debug|ARM64.ActiveCfg = Debug|Any CPU
		{339BEC27-FD38-494E-9D96-7A43DE9B36B4}.Debug|ARM64.Build.0 = Debug|Any CPU
		{339BEC27-FD38-494E-9D96-7A43DE9B36B4}.Debug|x64.ActiveCfg = Debug|Any CPU
		{339BEC27-FD38-494E-9D96-7A43DE9B36B4}.Debug|x64.Build.0 = Debug|Any CPU
		{339BEC27-FD38-494E-9D96-7A43DE9B36B4}.Debug|x86.ActiveCfg = Debug|Any CPU
		{339BEC27-FD38-494E-9D96-7A43DE9B36B4}.Debug|x86.Build.0 = Debug|Any CPU
		{339BEC27-FD38-494E-9D96-7A43DE9B36B4}.Release|Any CPU.ActiveCfg = Release|Any CPU
		{339BEC27-FD38-494E-9D96-7A43DE9B36B4}.Release|Any CPU.Build.0 = Release|Any CPU
		{339BEC27-FD38-494E-9D96-7A43DE9B36B4}.Release|ARM.ActiveCfg = Release|Any CPU
		{339BEC27-FD38-494E-9D96-7A43DE9B36B4}.Release|ARM.Build.0 = Release|Any CPU
		{339BEC27-FD38-494E-9D96-7A43DE9B36B4}.Release|ARM64.ActiveCfg = Release|Any CPU
		{339BEC27-FD38-494E-9D96-7A43DE9B36B4}.Release|ARM64.Build.0 = Release|Any CPU
		{339BEC27-FD38-494E-9D96-7A43DE9B36B4}.Release|x64.ActiveCfg = Release|Any CPU
		{339BEC27-FD38-494E-9D96-7A43DE9B36B4}.Release|x64.Build.0 = Release|Any CPU
		{339BEC27-FD38-494E-9D96-7A43DE9B36B4}.Release|x86.ActiveCfg = Release|Any CPU
		{339BEC27-FD38-494E-9D96-7A43DE9B36B4}.Release|x86.Build.0 = Release|Any CPU
		{30F209A6-028C-4AF4-A34D-D32B6C0D3572}.Debug|Any CPU.ActiveCfg = Debug|Any CPU
		{30F209A6-028C-4AF4-A34D-D32B6C0D3572}.Debug|Any CPU.Build.0 = Debug|Any CPU
		{30F209A6-028C-4AF4-A34D-D32B6C0D3572}.Debug|ARM.ActiveCfg = Debug|Any CPU
		{30F209A6-028C-4AF4-A34D-D32B6C0D3572}.Debug|ARM.Build.0 = Debug|Any CPU
		{30F209A6-028C-4AF4-A34D-D32B6C0D3572}.Debug|ARM64.ActiveCfg = Debug|Any CPU
		{30F209A6-028C-4AF4-A34D-D32B6C0D3572}.Debug|ARM64.Build.0 = Debug|Any CPU
		{30F209A6-028C-4AF4-A34D-D32B6C0D3572}.Debug|x64.ActiveCfg = Debug|Any CPU
		{30F209A6-028C-4AF4-A34D-D32B6C0D3572}.Debug|x64.Build.0 = Debug|Any CPU
		{30F209A6-028C-4AF4-A34D-D32B6C0D3572}.Debug|x86.ActiveCfg = Debug|Any CPU
		{30F209A6-028C-4AF4-A34D-D32B6C0D3572}.Debug|x86.Build.0 = Debug|Any CPU
		{30F209A6-028C-4AF4-A34D-D32B6C0D3572}.Release|Any CPU.ActiveCfg = Release|Any CPU
		{30F209A6-028C-4AF4-A34D-D32B6C0D3572}.Release|Any CPU.Build.0 = Release|Any CPU
		{30F209A6-028C-4AF4-A34D-D32B6C0D3572}.Release|ARM.ActiveCfg = Release|Any CPU
		{30F209A6-028C-4AF4-A34D-D32B6C0D3572}.Release|ARM.Build.0 = Release|Any CPU
		{30F209A6-028C-4AF4-A34D-D32B6C0D3572}.Release|ARM64.ActiveCfg = Release|Any CPU
		{30F209A6-028C-4AF4-A34D-D32B6C0D3572}.Release|ARM64.Build.0 = Release|Any CPU
		{30F209A6-028C-4AF4-A34D-D32B6C0D3572}.Release|x64.ActiveCfg = Release|Any CPU
		{30F209A6-028C-4AF4-A34D-D32B6C0D3572}.Release|x64.Build.0 = Release|Any CPU
		{30F209A6-028C-4AF4-A34D-D32B6C0D3572}.Release|x86.ActiveCfg = Release|Any CPU
		{30F209A6-028C-4AF4-A34D-D32B6C0D3572}.Release|x86.Build.0 = Release|Any CPU
		{BA8764EF-2FA6-43C8-8FAA-ABBA8CFA1CD7}.Debug|Any CPU.ActiveCfg = Debug|Any CPU
		{BA8764EF-2FA6-43C8-8FAA-ABBA8CFA1CD7}.Debug|Any CPU.Build.0 = Debug|Any CPU
		{BA8764EF-2FA6-43C8-8FAA-ABBA8CFA1CD7}.Debug|ARM.ActiveCfg = Debug|Any CPU
		{BA8764EF-2FA6-43C8-8FAA-ABBA8CFA1CD7}.Debug|ARM.Build.0 = Debug|Any CPU
		{BA8764EF-2FA6-43C8-8FAA-ABBA8CFA1CD7}.Debug|ARM64.ActiveCfg = Debug|Any CPU
		{BA8764EF-2FA6-43C8-8FAA-ABBA8CFA1CD7}.Debug|ARM64.Build.0 = Debug|Any CPU
		{BA8764EF-2FA6-43C8-8FAA-ABBA8CFA1CD7}.Debug|x64.ActiveCfg = Debug|Any CPU
		{BA8764EF-2FA6-43C8-8FAA-ABBA8CFA1CD7}.Debug|x64.Build.0 = Debug|Any CPU
		{BA8764EF-2FA6-43C8-8FAA-ABBA8CFA1CD7}.Debug|x86.ActiveCfg = Debug|Any CPU
		{BA8764EF-2FA6-43C8-8FAA-ABBA8CFA1CD7}.Debug|x86.Build.0 = Debug|Any CPU
		{BA8764EF-2FA6-43C8-8FAA-ABBA8CFA1CD7}.Release|Any CPU.ActiveCfg = Release|Any CPU
		{BA8764EF-2FA6-43C8-8FAA-ABBA8CFA1CD7}.Release|Any CPU.Build.0 = Release|Any CPU
		{BA8764EF-2FA6-43C8-8FAA-ABBA8CFA1CD7}.Release|ARM.ActiveCfg = Release|Any CPU
		{BA8764EF-2FA6-43C8-8FAA-ABBA8CFA1CD7}.Release|ARM.Build.0 = Release|Any CPU
		{BA8764EF-2FA6-43C8-8FAA-ABBA8CFA1CD7}.Release|ARM64.ActiveCfg = Release|Any CPU
		{BA8764EF-2FA6-43C8-8FAA-ABBA8CFA1CD7}.Release|ARM64.Build.0 = Release|Any CPU
		{BA8764EF-2FA6-43C8-8FAA-ABBA8CFA1CD7}.Release|x64.ActiveCfg = Release|Any CPU
		{BA8764EF-2FA6-43C8-8FAA-ABBA8CFA1CD7}.Release|x64.Build.0 = Release|Any CPU
		{BA8764EF-2FA6-43C8-8FAA-ABBA8CFA1CD7}.Release|x86.ActiveCfg = Release|Any CPU
		{BA8764EF-2FA6-43C8-8FAA-ABBA8CFA1CD7}.Release|x86.Build.0 = Release|Any CPU
		{1FA1B0CC-DC5D-4327-B7B9-FEC7C12F88D5}.Debug|Any CPU.ActiveCfg = Debug|Any CPU
		{1FA1B0CC-DC5D-4327-B7B9-FEC7C12F88D5}.Debug|Any CPU.Build.0 = Debug|Any CPU
		{1FA1B0CC-DC5D-4327-B7B9-FEC7C12F88D5}.Debug|ARM.ActiveCfg = Debug|Any CPU
		{1FA1B0CC-DC5D-4327-B7B9-FEC7C12F88D5}.Debug|ARM.Build.0 = Debug|Any CPU
		{1FA1B0CC-DC5D-4327-B7B9-FEC7C12F88D5}.Debug|ARM64.ActiveCfg = Debug|Any CPU
		{1FA1B0CC-DC5D-4327-B7B9-FEC7C12F88D5}.Debug|ARM64.Build.0 = Debug|Any CPU
		{1FA1B0CC-DC5D-4327-B7B9-FEC7C12F88D5}.Debug|x64.ActiveCfg = Debug|Any CPU
		{1FA1B0CC-DC5D-4327-B7B9-FEC7C12F88D5}.Debug|x64.Build.0 = Debug|Any CPU
		{1FA1B0CC-DC5D-4327-B7B9-FEC7C12F88D5}.Debug|x86.ActiveCfg = Debug|Any CPU
		{1FA1B0CC-DC5D-4327-B7B9-FEC7C12F88D5}.Debug|x86.Build.0 = Debug|Any CPU
		{1FA1B0CC-DC5D-4327-B7B9-FEC7C12F88D5}.Release|Any CPU.ActiveCfg = Release|Any CPU
		{1FA1B0CC-DC5D-4327-B7B9-FEC7C12F88D5}.Release|Any CPU.Build.0 = Release|Any CPU
		{1FA1B0CC-DC5D-4327-B7B9-FEC7C12F88D5}.Release|ARM.ActiveCfg = Release|Any CPU
		{1FA1B0CC-DC5D-4327-B7B9-FEC7C12F88D5}.Release|ARM.Build.0 = Release|Any CPU
		{1FA1B0CC-DC5D-4327-B7B9-FEC7C12F88D5}.Release|ARM64.ActiveCfg = Release|Any CPU
		{1FA1B0CC-DC5D-4327-B7B9-FEC7C12F88D5}.Release|ARM64.Build.0 = Release|Any CPU
		{1FA1B0CC-DC5D-4327-B7B9-FEC7C12F88D5}.Release|x64.ActiveCfg = Release|Any CPU
		{1FA1B0CC-DC5D-4327-B7B9-FEC7C12F88D5}.Release|x64.Build.0 = Release|Any CPU
		{1FA1B0CC-DC5D-4327-B7B9-FEC7C12F88D5}.Release|x86.ActiveCfg = Release|Any CPU
		{1FA1B0CC-DC5D-4327-B7B9-FEC7C12F88D5}.Release|x86.Build.0 = Release|Any CPU
		{AD2BE2F7-5D94-4E1C-AA4F-5F69B160B4CE}.Debug|Any CPU.ActiveCfg = Debug|Any CPU
		{AD2BE2F7-5D94-4E1C-AA4F-5F69B160B4CE}.Debug|Any CPU.Build.0 = Debug|Any CPU
		{AD2BE2F7-5D94-4E1C-AA4F-5F69B160B4CE}.Debug|ARM.ActiveCfg = Debug|Any CPU
		{AD2BE2F7-5D94-4E1C-AA4F-5F69B160B4CE}.Debug|ARM.Build.0 = Debug|Any CPU
		{AD2BE2F7-5D94-4E1C-AA4F-5F69B160B4CE}.Debug|ARM64.ActiveCfg = Debug|Any CPU
		{AD2BE2F7-5D94-4E1C-AA4F-5F69B160B4CE}.Debug|ARM64.Build.0 = Debug|Any CPU
		{AD2BE2F7-5D94-4E1C-AA4F-5F69B160B4CE}.Debug|x64.ActiveCfg = Debug|Any CPU
		{AD2BE2F7-5D94-4E1C-AA4F-5F69B160B4CE}.Debug|x64.Build.0 = Debug|Any CPU
		{AD2BE2F7-5D94-4E1C-AA4F-5F69B160B4CE}.Debug|x86.ActiveCfg = Debug|Any CPU
		{AD2BE2F7-5D94-4E1C-AA4F-5F69B160B4CE}.Debug|x86.Build.0 = Debug|Any CPU
		{AD2BE2F7-5D94-4E1C-AA4F-5F69B160B4CE}.Release|Any CPU.ActiveCfg = Release|Any CPU
		{AD2BE2F7-5D94-4E1C-AA4F-5F69B160B4CE}.Release|Any CPU.Build.0 = Release|Any CPU
		{AD2BE2F7-5D94-4E1C-AA4F-5F69B160B4CE}.Release|ARM.ActiveCfg = Release|Any CPU
		{AD2BE2F7-5D94-4E1C-AA4F-5F69B160B4CE}.Release|ARM.Build.0 = Release|Any CPU
		{AD2BE2F7-5D94-4E1C-AA4F-5F69B160B4CE}.Release|ARM64.ActiveCfg = Release|Any CPU
		{AD2BE2F7-5D94-4E1C-AA4F-5F69B160B4CE}.Release|ARM64.Build.0 = Release|Any CPU
		{AD2BE2F7-5D94-4E1C-AA4F-5F69B160B4CE}.Release|x64.ActiveCfg = Release|Any CPU
		{AD2BE2F7-5D94-4E1C-AA4F-5F69B160B4CE}.Release|x64.Build.0 = Release|Any CPU
		{AD2BE2F7-5D94-4E1C-AA4F-5F69B160B4CE}.Release|x86.ActiveCfg = Release|Any CPU
		{AD2BE2F7-5D94-4E1C-AA4F-5F69B160B4CE}.Release|x86.Build.0 = Release|Any CPU
		{24D92E73-9429-48AD-A805-25CE7AF84D50}.Debug|Any CPU.ActiveCfg = Debug|Any CPU
		{24D92E73-9429-48AD-A805-25CE7AF84D50}.Debug|Any CPU.Build.0 = Debug|Any CPU
		{24D92E73-9429-48AD-A805-25CE7AF84D50}.Debug|ARM.ActiveCfg = Debug|Any CPU
		{24D92E73-9429-48AD-A805-25CE7AF84D50}.Debug|ARM.Build.0 = Debug|Any CPU
		{24D92E73-9429-48AD-A805-25CE7AF84D50}.Debug|ARM64.ActiveCfg = Debug|Any CPU
		{24D92E73-9429-48AD-A805-25CE7AF84D50}.Debug|ARM64.Build.0 = Debug|Any CPU
		{24D92E73-9429-48AD-A805-25CE7AF84D50}.Debug|x64.ActiveCfg = Debug|Any CPU
		{24D92E73-9429-48AD-A805-25CE7AF84D50}.Debug|x64.Build.0 = Debug|Any CPU
		{24D92E73-9429-48AD-A805-25CE7AF84D50}.Debug|x86.ActiveCfg = Debug|Any CPU
		{24D92E73-9429-48AD-A805-25CE7AF84D50}.Debug|x86.Build.0 = Debug|Any CPU
		{24D92E73-9429-48AD-A805-25CE7AF84D50}.Release|Any CPU.ActiveCfg = Release|Any CPU
		{24D92E73-9429-48AD-A805-25CE7AF84D50}.Release|Any CPU.Build.0 = Release|Any CPU
		{24D92E73-9429-48AD-A805-25CE7AF84D50}.Release|ARM.ActiveCfg = Release|Any CPU
		{24D92E73-9429-48AD-A805-25CE7AF84D50}.Release|ARM.Build.0 = Release|Any CPU
		{24D92E73-9429-48AD-A805-25CE7AF84D50}.Release|ARM64.ActiveCfg = Release|Any CPU
		{24D92E73-9429-48AD-A805-25CE7AF84D50}.Release|ARM64.Build.0 = Release|Any CPU
		{24D92E73-9429-48AD-A805-25CE7AF84D50}.Release|x64.ActiveCfg = Release|Any CPU
		{24D92E73-9429-48AD-A805-25CE7AF84D50}.Release|x64.Build.0 = Release|Any CPU
		{24D92E73-9429-48AD-A805-25CE7AF84D50}.Release|x86.ActiveCfg = Release|Any CPU
		{24D92E73-9429-48AD-A805-25CE7AF84D50}.Release|x86.Build.0 = Release|Any CPU
		{497C1B3B-3326-45DB-BC0B-76C3EDAA26E0}.Debug|Any CPU.ActiveCfg = Debug|Any CPU
		{497C1B3B-3326-45DB-BC0B-76C3EDAA26E0}.Debug|Any CPU.Build.0 = Debug|Any CPU
		{497C1B3B-3326-45DB-BC0B-76C3EDAA26E0}.Debug|ARM.ActiveCfg = Debug|Any CPU
		{497C1B3B-3326-45DB-BC0B-76C3EDAA26E0}.Debug|ARM.Build.0 = Debug|Any CPU
		{497C1B3B-3326-45DB-BC0B-76C3EDAA26E0}.Debug|ARM64.ActiveCfg = Debug|Any CPU
		{497C1B3B-3326-45DB-BC0B-76C3EDAA26E0}.Debug|ARM64.Build.0 = Debug|Any CPU
		{497C1B3B-3326-45DB-BC0B-76C3EDAA26E0}.Debug|x64.ActiveCfg = Debug|Any CPU
		{497C1B3B-3326-45DB-BC0B-76C3EDAA26E0}.Debug|x64.Build.0 = Debug|Any CPU
		{497C1B3B-3326-45DB-BC0B-76C3EDAA26E0}.Debug|x86.ActiveCfg = Debug|Any CPU
		{497C1B3B-3326-45DB-BC0B-76C3EDAA26E0}.Debug|x86.Build.0 = Debug|Any CPU
		{497C1B3B-3326-45DB-BC0B-76C3EDAA26E0}.Release|Any CPU.ActiveCfg = Release|Any CPU
		{497C1B3B-3326-45DB-BC0B-76C3EDAA26E0}.Release|Any CPU.Build.0 = Release|Any CPU
		{497C1B3B-3326-45DB-BC0B-76C3EDAA26E0}.Release|ARM.ActiveCfg = Release|Any CPU
		{497C1B3B-3326-45DB-BC0B-76C3EDAA26E0}.Release|ARM.Build.0 = Release|Any CPU
		{497C1B3B-3326-45DB-BC0B-76C3EDAA26E0}.Release|ARM64.ActiveCfg = Release|Any CPU
		{497C1B3B-3326-45DB-BC0B-76C3EDAA26E0}.Release|ARM64.Build.0 = Release|Any CPU
		{497C1B3B-3326-45DB-BC0B-76C3EDAA26E0}.Release|x64.ActiveCfg = Release|Any CPU
		{497C1B3B-3326-45DB-BC0B-76C3EDAA26E0}.Release|x64.Build.0 = Release|Any CPU
		{497C1B3B-3326-45DB-BC0B-76C3EDAA26E0}.Release|x86.ActiveCfg = Release|Any CPU
		{497C1B3B-3326-45DB-BC0B-76C3EDAA26E0}.Release|x86.Build.0 = Release|Any CPU
		{08A1F54A-676B-4A9A-BE41-9BE1A21EC2C5}.Debug|Any CPU.ActiveCfg = Debug|Any CPU
		{08A1F54A-676B-4A9A-BE41-9BE1A21EC2C5}.Debug|Any CPU.Build.0 = Debug|Any CPU
		{08A1F54A-676B-4A9A-BE41-9BE1A21EC2C5}.Debug|ARM.ActiveCfg = Debug|Any CPU
		{08A1F54A-676B-4A9A-BE41-9BE1A21EC2C5}.Debug|ARM.Build.0 = Debug|Any CPU
		{08A1F54A-676B-4A9A-BE41-9BE1A21EC2C5}.Debug|ARM64.ActiveCfg = Debug|Any CPU
		{08A1F54A-676B-4A9A-BE41-9BE1A21EC2C5}.Debug|ARM64.Build.0 = Debug|Any CPU
		{08A1F54A-676B-4A9A-BE41-9BE1A21EC2C5}.Debug|x64.ActiveCfg = Debug|Any CPU
		{08A1F54A-676B-4A9A-BE41-9BE1A21EC2C5}.Debug|x64.Build.0 = Debug|Any CPU
		{08A1F54A-676B-4A9A-BE41-9BE1A21EC2C5}.Debug|x86.ActiveCfg = Debug|Any CPU
		{08A1F54A-676B-4A9A-BE41-9BE1A21EC2C5}.Debug|x86.Build.0 = Debug|Any CPU
		{08A1F54A-676B-4A9A-BE41-9BE1A21EC2C5}.Release|Any CPU.ActiveCfg = Release|Any CPU
		{08A1F54A-676B-4A9A-BE41-9BE1A21EC2C5}.Release|Any CPU.Build.0 = Release|Any CPU
		{08A1F54A-676B-4A9A-BE41-9BE1A21EC2C5}.Release|ARM.ActiveCfg = Release|Any CPU
		{08A1F54A-676B-4A9A-BE41-9BE1A21EC2C5}.Release|ARM.Build.0 = Release|Any CPU
		{08A1F54A-676B-4A9A-BE41-9BE1A21EC2C5}.Release|ARM64.ActiveCfg = Release|Any CPU
		{08A1F54A-676B-4A9A-BE41-9BE1A21EC2C5}.Release|ARM64.Build.0 = Release|Any CPU
		{08A1F54A-676B-4A9A-BE41-9BE1A21EC2C5}.Release|x64.ActiveCfg = Release|Any CPU
		{08A1F54A-676B-4A9A-BE41-9BE1A21EC2C5}.Release|x64.Build.0 = Release|Any CPU
		{08A1F54A-676B-4A9A-BE41-9BE1A21EC2C5}.Release|x86.ActiveCfg = Release|Any CPU
		{08A1F54A-676B-4A9A-BE41-9BE1A21EC2C5}.Release|x86.Build.0 = Release|Any CPU
		{DB400AC5-91AB-4621-9E12-6EF27BFE9D2B}.Debug|Any CPU.ActiveCfg = Debug|Any CPU
		{DB400AC5-91AB-4621-9E12-6EF27BFE9D2B}.Debug|Any CPU.Build.0 = Debug|Any CPU
		{DB400AC5-91AB-4621-9E12-6EF27BFE9D2B}.Debug|ARM.ActiveCfg = Debug|Any CPU
		{DB400AC5-91AB-4621-9E12-6EF27BFE9D2B}.Debug|ARM.Build.0 = Debug|Any CPU
		{DB400AC5-91AB-4621-9E12-6EF27BFE9D2B}.Debug|ARM64.ActiveCfg = Debug|Any CPU
		{DB400AC5-91AB-4621-9E12-6EF27BFE9D2B}.Debug|ARM64.Build.0 = Debug|Any CPU
		{DB400AC5-91AB-4621-9E12-6EF27BFE9D2B}.Debug|x64.ActiveCfg = Debug|Any CPU
		{DB400AC5-91AB-4621-9E12-6EF27BFE9D2B}.Debug|x64.Build.0 = Debug|Any CPU
		{DB400AC5-91AB-4621-9E12-6EF27BFE9D2B}.Debug|x86.ActiveCfg = Debug|Any CPU
		{DB400AC5-91AB-4621-9E12-6EF27BFE9D2B}.Debug|x86.Build.0 = Debug|Any CPU
		{DB400AC5-91AB-4621-9E12-6EF27BFE9D2B}.Release|Any CPU.ActiveCfg = Release|Any CPU
		{DB400AC5-91AB-4621-9E12-6EF27BFE9D2B}.Release|Any CPU.Build.0 = Release|Any CPU
		{DB400AC5-91AB-4621-9E12-6EF27BFE9D2B}.Release|ARM.ActiveCfg = Release|Any CPU
		{DB400AC5-91AB-4621-9E12-6EF27BFE9D2B}.Release|ARM.Build.0 = Release|Any CPU
		{DB400AC5-91AB-4621-9E12-6EF27BFE9D2B}.Release|ARM64.ActiveCfg = Release|Any CPU
		{DB400AC5-91AB-4621-9E12-6EF27BFE9D2B}.Release|ARM64.Build.0 = Release|Any CPU
		{DB400AC5-91AB-4621-9E12-6EF27BFE9D2B}.Release|x64.ActiveCfg = Release|Any CPU
		{DB400AC5-91AB-4621-9E12-6EF27BFE9D2B}.Release|x64.Build.0 = Release|Any CPU
		{DB400AC5-91AB-4621-9E12-6EF27BFE9D2B}.Release|x86.ActiveCfg = Release|Any CPU
		{DB400AC5-91AB-4621-9E12-6EF27BFE9D2B}.Release|x86.Build.0 = Release|Any CPU
		{A8ADB3BE-683C-44FD-9C59-53F5B6B60A26}.Debug|Any CPU.ActiveCfg = Debug|Any CPU
		{A8ADB3BE-683C-44FD-9C59-53F5B6B60A26}.Debug|Any CPU.Build.0 = Debug|Any CPU
		{A8ADB3BE-683C-44FD-9C59-53F5B6B60A26}.Debug|ARM.ActiveCfg = Debug|Any CPU
		{A8ADB3BE-683C-44FD-9C59-53F5B6B60A26}.Debug|ARM.Build.0 = Debug|Any CPU
		{A8ADB3BE-683C-44FD-9C59-53F5B6B60A26}.Debug|ARM64.ActiveCfg = Debug|Any CPU
		{A8ADB3BE-683C-44FD-9C59-53F5B6B60A26}.Debug|ARM64.Build.0 = Debug|Any CPU
		{A8ADB3BE-683C-44FD-9C59-53F5B6B60A26}.Debug|x64.ActiveCfg = Debug|Any CPU
		{A8ADB3BE-683C-44FD-9C59-53F5B6B60A26}.Debug|x64.Build.0 = Debug|Any CPU
		{A8ADB3BE-683C-44FD-9C59-53F5B6B60A26}.Debug|x86.ActiveCfg = Debug|Any CPU
		{A8ADB3BE-683C-44FD-9C59-53F5B6B60A26}.Debug|x86.Build.0 = Debug|Any CPU
		{A8ADB3BE-683C-44FD-9C59-53F5B6B60A26}.Release|Any CPU.ActiveCfg = Release|Any CPU
		{A8ADB3BE-683C-44FD-9C59-53F5B6B60A26}.Release|Any CPU.Build.0 = Release|Any CPU
		{A8ADB3BE-683C-44FD-9C59-53F5B6B60A26}.Release|ARM.ActiveCfg = Release|Any CPU
		{A8ADB3BE-683C-44FD-9C59-53F5B6B60A26}.Release|ARM.Build.0 = Release|Any CPU
		{A8ADB3BE-683C-44FD-9C59-53F5B6B60A26}.Release|ARM64.ActiveCfg = Release|Any CPU
		{A8ADB3BE-683C-44FD-9C59-53F5B6B60A26}.Release|ARM64.Build.0 = Release|Any CPU
		{A8ADB3BE-683C-44FD-9C59-53F5B6B60A26}.Release|x64.ActiveCfg = Release|Any CPU
		{A8ADB3BE-683C-44FD-9C59-53F5B6B60A26}.Release|x64.Build.0 = Release|Any CPU
		{A8ADB3BE-683C-44FD-9C59-53F5B6B60A26}.Release|x86.ActiveCfg = Release|Any CPU
		{A8ADB3BE-683C-44FD-9C59-53F5B6B60A26}.Release|x86.Build.0 = Release|Any CPU
	EndGlobalSection
	GlobalSection(SolutionProperties) = preSolution
		HideSolutionNode = FALSE
	EndGlobalSection
	GlobalSection(NestedProjects) = preSolution
		{0A8EF671-0277-4F7A-B03D-C6E227020E86} = {62592C78-61AA-44B4-A7C3-EAC678A568A2}
		{ED5001B1-A78B-4881-9BD8-CB56DD930585} = {0A8EF671-0277-4F7A-B03D-C6E227020E86}
		{A6ABFE78-566C-4534-947E-BEFB86BDA347} = {0A8EF671-0277-4F7A-B03D-C6E227020E86}
		{AD1F57E0-055A-4838-91AD-B824BF17E481} = {0A8EF671-0277-4F7A-B03D-C6E227020E86}
		{F2CAA958-5A0E-4BB3-B624-B8360C5F2978} = {0A8EF671-0277-4F7A-B03D-C6E227020E86}
		{DD760082-E0FA-433F-A1D0-D05F5D91FFA9} = {0A8EF671-0277-4F7A-B03D-C6E227020E86}
		{74041466-C4C6-4396-8B57-D176CF5C0FD9} = {0A8EF671-0277-4F7A-B03D-C6E227020E86}
		{33BC9402-331E-47B5-8EE8-4F15AF463D12} = {0A8EF671-0277-4F7A-B03D-C6E227020E86}
		{62E90DFE-FF71-4558-A33E-361BFE60BF9D} = {0A8EF671-0277-4F7A-B03D-C6E227020E86}
		{CABB5675-02EF-42A7-A2C9-E4F37D66D12B} = {0A8EF671-0277-4F7A-B03D-C6E227020E86}
		{87DE982D-A97E-4D4A-84A4-0971A3710E41} = {0A8EF671-0277-4F7A-B03D-C6E227020E86}
		{0848A1AE-3147-432C-B473-44EE2CBA2E57} = {958591BB-32C1-48C4-B5FA-11A2C5686814}
		{E14F830F-2A00-46D0-B25B-B3D675E86B02} = {958591BB-32C1-48C4-B5FA-11A2C5686814}
		{32D9C89C-9D88-40F9-A05D-CD95F05F38D0} = {958591BB-32C1-48C4-B5FA-11A2C5686814}
		{0CAFC532-721B-4CD0-B4CA-AF10F07BFD76} = {62592C78-61AA-44B4-A7C3-EAC678A568A2}
		{696E93F8-4AAE-4230-9B6A-5BA53A69249D} = {0CAFC532-721B-4CD0-B4CA-AF10F07BFD76}
		{26E80F33-67D7-4F29-87E4-DFA45FBCF6B3} = {0CAFC532-721B-4CD0-B4CA-AF10F07BFD76}
		{1E8E714F-99B4-40F5-BFB1-241A9FA343F6} = {0CAFC532-721B-4CD0-B4CA-AF10F07BFD76}
		{ADB64CA1-52F9-47B9-AC03-975D2C9E4022} = {0CAFC532-721B-4CD0-B4CA-AF10F07BFD76}
		{89BFF856-E543-4EB5-B443-78B30D818D57} = {0CAFC532-721B-4CD0-B4CA-AF10F07BFD76}
		{4D578475-512F-43C5-9AF4-F8A8578732CE} = {0CAFC532-721B-4CD0-B4CA-AF10F07BFD76}
		{61F454B7-9F32-4CBA-8FE5-02B44D5CF25C} = {0CAFC532-721B-4CD0-B4CA-AF10F07BFD76}
		{1E02BE6D-9F98-4343-930C-588CCB9A1296} = {0CAFC532-721B-4CD0-B4CA-AF10F07BFD76}
		{3D4F7533-B6B3-4F96-8794-F80A96EAB34E} = {0CAFC532-721B-4CD0-B4CA-AF10F07BFD76}
		{CC35BEDB-96DB-452C-BDDB-3D90169F8313} = {0CAFC532-721B-4CD0-B4CA-AF10F07BFD76}
		{27684F10-FC43-4868-80B3-9D1840E4CF54} = {0A8EF671-0277-4F7A-B03D-C6E227020E86}
		{3562249C-10F4-42C8-BD49-CCF26C51ED8C} = {0A8EF671-0277-4F7A-B03D-C6E227020E86}
		{2EBBA423-F963-4CF4-9355-A5B2CE7C699A} = {0CAFC532-721B-4CD0-B4CA-AF10F07BFD76}
		{F01E685B-AC00-44ED-AF05-D96633B1E31A} = {0CAFC532-721B-4CD0-B4CA-AF10F07BFD76}
		{20C76953-78BF-493C-BF15-AB67DC620D82} = {0CAFC532-721B-4CD0-B4CA-AF10F07BFD76}
		{743EA3B7-51AE-4055-AA6B-A0232142F0C6} = {0A8EF671-0277-4F7A-B03D-C6E227020E86}
		{7958C69B-C7A0-4CC4-8340-5C375E7AA722} = {958591BB-32C1-48C4-B5FA-11A2C5686814}
		{532FD258-141B-4FF9-8846-CD8396728E27} = {958591BB-32C1-48C4-B5FA-11A2C5686814}
		{3B8A071F-EAE4-427F-9CF5-09BFA4F856FE} = {0CAFC532-721B-4CD0-B4CA-AF10F07BFD76}
		{23550E77-920B-47A2-AE2C-36204BFA9469} = {0CAFC532-721B-4CD0-B4CA-AF10F07BFD76}
		{339BEC27-FD38-494E-9D96-7A43DE9B36B4} = {0CAFC532-721B-4CD0-B4CA-AF10F07BFD76}
		{30F209A6-028C-4AF4-A34D-D32B6C0D3572} = {0CAFC532-721B-4CD0-B4CA-AF10F07BFD76}
		{BA8764EF-2FA6-43C8-8FAA-ABBA8CFA1CD7} = {0CAFC532-721B-4CD0-B4CA-AF10F07BFD76}
		{1FA1B0CC-DC5D-4327-B7B9-FEC7C12F88D5} = {0A8EF671-0277-4F7A-B03D-C6E227020E86}
		{B90D3DCC-669D-4583-8BA0-682EB1F93BD2} = {62592C78-61AA-44B4-A7C3-EAC678A568A2}
		{AD2BE2F7-5D94-4E1C-AA4F-5F69B160B4CE} = {958591BB-32C1-48C4-B5FA-11A2C5686814}
		{24D92E73-9429-48AD-A805-25CE7AF84D50} = {B90D3DCC-669D-4583-8BA0-682EB1F93BD2}
		{497C1B3B-3326-45DB-BC0B-76C3EDAA26E0} = {B90D3DCC-669D-4583-8BA0-682EB1F93BD2}
		{08A1F54A-676B-4A9A-BE41-9BE1A21EC2C5} = {B90D3DCC-669D-4583-8BA0-682EB1F93BD2}
		{DB400AC5-91AB-4621-9E12-6EF27BFE9D2B} = {B90D3DCC-669D-4583-8BA0-682EB1F93BD2}
		{A8ADB3BE-683C-44FD-9C59-53F5B6B60A26} = {B90D3DCC-669D-4583-8BA0-682EB1F93BD2}
	EndGlobalSection
	GlobalSection(ExtensibilityGlobals) = postSolution
		SolutionGuid = {983A22B3-AE5B-4B67-A798-F6A6697B82A8}
	EndGlobalSection
EndGlobal
